// !$*UTF8*$!
{
	archiveVersion = 1;
	classes = {
	};
	objectVersion = 46;
	objects = {

/* Begin PBXBuildFile section */
		5D80C1EAC0ACE0514A8D5367 /* libPods-InnerForCourier.a in Frameworks */ = {isa = PBXBuildFile; fileRef = AC40793D5F8BA1F858CBA1FC /* libPods-InnerForCourier.a */; };
		FE474DF61E2DEADC0005CD98 /* main.m in Sources */ = {isa = PBXBuildFile; fileRef = FE474DF51E2DEADC0005CD98 /* main.m */; };
		FE474DFF1E2DEADC0005CD98 /* Main.storyboard in Resources */ = {isa = PBXBuildFile; fileRef = FE474DFD1E2DEADC0005CD98 /* Main.storyboard */; };
		FE474E011E2DEADC0005CD98 /* Assets.xcassets in Resources */ = {isa = PBXBuildFile; fileRef = FE474E001E2DEADC0005CD98 /* Assets.xcassets */; };
		FE474E041E2DEADC0005CD98 /* LaunchScreen.storyboard in Resources */ = {isa = PBXBuildFile; fileRef = FE474E021E2DEADC0005CD98 /* LaunchScreen.storyboard */; };
		FE474E0F1E2DEADD0005CD98 /* InnerForCourierTests.m in Sources */ = {isa = PBXBuildFile; fileRef = FE474E0E1E2DEADD0005CD98 /* InnerForCourierTests.m */; };
		FE474E1A1E2DEADD0005CD98 /* InnerForCourierUITests.m in Sources */ = {isa = PBXBuildFile; fileRef = FE474E191E2DEADD0005CD98 /* InnerForCourierUITests.m */; };
		FE72EFAE1E44757200584C1C /* XFLoginViewController.m in Sources */ = {isa = PBXBuildFile; fileRef = FE72EFAD1E44757200584C1C /* XFLoginViewController.m */; };
		FE76AA231E56B2FB00100A9F /* XFRequestLogin.m in Sources */ = {isa = PBXBuildFile; fileRef = FE76AA221E56B2FB00100A9F /* XFRequestLogin.m */; };
		FE76AA281E56B75E00100A9F /* URLLogin.m in Sources */ = {isa = PBXBuildFile; fileRef = FE76AA271E56B75E00100A9F /* URLLogin.m */; };
		FE76AA2D1E56B82D00100A9F /* XFRequestOrderCenter.m in Sources */ = {isa = PBXBuildFile; fileRef = FE76AA2B1E56B82D00100A9F /* XFRequestOrderCenter.m */; };
		FE76AA321E56B85D00100A9F /* XFBaseRequest.m in Sources */ = {isa = PBXBuildFile; fileRef = FE76AA301E56B85D00100A9F /* XFBaseRequest.m */; };
		FE8CEF9D1E514C1800779B5F /* XFExpressNoDataTVCell.m in Sources */ = {isa = PBXBuildFile; fileRef = FE8CEF9B1E514C1800779B5F /* XFExpressNoDataTVCell.m */; };
		FE8CEF9E1E514C1800779B5F /* XFExpressNoDataTVCell.xib in Resources */ = {isa = PBXBuildFile; fileRef = FE8CEF9C1E514C1800779B5F /* XFExpressNoDataTVCell.xib */; };
		FE8CEFA31E5546B000779B5F /* XFNoDataView.xib in Resources */ = {isa = PBXBuildFile; fileRef = FE8CEFA21E5546B000779B5F /* XFNoDataView.xib */; };
		FE8CEFA61E55476400779B5F /* XFNoDataView.m in Sources */ = {isa = PBXBuildFile; fileRef = FE8CEFA51E55476400779B5F /* XFNoDataView.m */; };
		FEA20E941E4D6FF200FAD315 /* XFTableViewCell.m in Sources */ = {isa = PBXBuildFile; fileRef = FEA20E931E4D6FF200FAD315 /* XFTableViewCell.m */; };
		FEA20EC61E4EEC3000FAD315 /* XFExpressList.m in Sources */ = {isa = PBXBuildFile; fileRef = FEA20EC51E4EEC3000FAD315 /* XFExpressList.m */; };
		FEAD148B1E49B4FD000962D3 /* XFExpressDetailsFirstLineTVCell.m in Sources */ = {isa = PBXBuildFile; fileRef = FEAD14891E49B4FD000962D3 /* XFExpressDetailsFirstLineTVCell.m */; };
		FEAD148C1E49B4FD000962D3 /* XFExpressDetailsFirstLineTVCell.xib in Resources */ = {isa = PBXBuildFile; fileRef = FEAD148A1E49B4FD000962D3 /* XFExpressDetailsFirstLineTVCell.xib */; };
		FEAD148F1E49B50D000962D3 /* XFExpressDetailsTimeLineTVCell.m in Sources */ = {isa = PBXBuildFile; fileRef = FEAD148E1E49B50D000962D3 /* XFExpressDetailsTimeLineTVCell.m */; };
		FEAD14941E49B5C5000962D3 /* TTTAttributedLabel.m in Sources */ = {isa = PBXBuildFile; fileRef = FEAD14931E49B5C5000962D3 /* TTTAttributedLabel.m */; };
		FEAD149A1E49CFFB000962D3 /* XFModel.m in Sources */ = {isa = PBXBuildFile; fileRef = FEAD14991E49CFFB000962D3 /* XFModel.m */; };
		FEAD149D1E49D01A000962D3 /* XFOrder.m in Sources */ = {isa = PBXBuildFile; fileRef = FEAD149C1E49D01A000962D3 /* XFOrder.m */; };
		FEAD14A01E49D69B000962D3 /* XFView.m in Sources */ = {isa = PBXBuildFile; fileRef = FEAD149F1E49D69B000962D3 /* XFView.m */; };
		FEAD14A41E49E2F8000962D3 /* XFUser.m in Sources */ = {isa = PBXBuildFile; fileRef = FEAD14A31E49E2F8000962D3 /* XFUser.m */; };
		FEAD14A81E4AA3D9000962D3 /* XFMemoryStorage.m in Sources */ = {isa = PBXBuildFile; fileRef = FEAD14A71E4AA3D9000962D3 /* XFMemoryStorage.m */; };
		FEAD14AD1E4ABE76000962D3 /* XFGoods.m in Sources */ = {isa = PBXBuildFile; fileRef = FEAD14AC1E4ABE76000962D3 /* XFGoods.m */; };
		FEAD14B11E4AFD41000962D3 /* XFExpress.m in Sources */ = {isa = PBXBuildFile; fileRef = FEAD14B01E4AFD41000962D3 /* XFExpress.m */; };
		FEAD14B61E4B1D60000962D3 /* XFOrderDetailsModel.m in Sources */ = {isa = PBXBuildFile; fileRef = FEAD14B51E4B1D60000962D3 /* XFOrderDetailsModel.m */; };
		FEAD14BA1E4BF808000962D3 /* XFOrderDetailsOrderNumberTVCell.m in Sources */ = {isa = PBXBuildFile; fileRef = FEAD14B81E4BF808000962D3 /* XFOrderDetailsOrderNumberTVCell.m */; };
		FEAD14BB1E4BF808000962D3 /* XFOrderDetailsOrderNumberTVCell.xib in Resources */ = {isa = PBXBuildFile; fileRef = FEAD14B91E4BF808000962D3 /* XFOrderDetailsOrderNumberTVCell.xib */; };
		FEAD14BF1E4BFCA6000962D3 /* XFRow.m in Sources */ = {isa = PBXBuildFile; fileRef = FEAD14BE1E4BFCA6000962D3 /* XFRow.m */; };
		FEAD14C31E4C0041000962D3 /* XFOrderDetailsAddressCell.m in Sources */ = {isa = PBXBuildFile; fileRef = FEAD14C11E4C0041000962D3 /* XFOrderDetailsAddressCell.m */; };
		FEAD14C41E4C0041000962D3 /* XFOrderDetailsAddressCell.xib in Resources */ = {isa = PBXBuildFile; fileRef = FEAD14C21E4C0041000962D3 /* XFOrderDetailsAddressCell.xib */; };
		FEAD14C81E4C1122000962D3 /* XFOrderDetailsNoInvoiceCell.m in Sources */ = {isa = PBXBuildFile; fileRef = FEAD14C61E4C1122000962D3 /* XFOrderDetailsNoInvoiceCell.m */; };
		FEAD14C91E4C1122000962D3 /* XFOrderDetailsNoInvoiceCell.xib in Resources */ = {isa = PBXBuildFile; fileRef = FEAD14C71E4C1122000962D3 /* XFOrderDetailsNoInvoiceCell.xib */; };
		FEAD14CD1E4C1270000962D3 /* XFOrderDetailsInvoiceCell.m in Sources */ = {isa = PBXBuildFile; fileRef = FEAD14CB1E4C1270000962D3 /* XFOrderDetailsInvoiceCell.m */; };
		FEAD14CE1E4C1270000962D3 /* XFOrderDetailsInvoiceCell.xib in Resources */ = {isa = PBXBuildFile; fileRef = FEAD14CC1E4C1270000962D3 /* XFOrderDetailsInvoiceCell.xib */; };
		FEAD14D21E4C1503000962D3 /* XFOrderDetailsBasicInfoCell.m in Sources */ = {isa = PBXBuildFile; fileRef = FEAD14D01E4C1503000962D3 /* XFOrderDetailsBasicInfoCell.m */; };
		FEAD14D31E4C1503000962D3 /* XFOrderDetailsBasicInfoCell.xib in Resources */ = {isa = PBXBuildFile; fileRef = FEAD14D11E4C1503000962D3 /* XFOrderDetailsBasicInfoCell.xib */; };
		FEAD14D61E4C2C7A000962D3 /* XFOrderDetailsGoodsModel.m in Sources */ = {isa = PBXBuildFile; fileRef = FEAD14D51E4C2C7A000962D3 /* XFOrderDetailsGoodsModel.m */; };
		FEAD14DD1E4C338B000962D3 /* NSString+Conversion.m in Sources */ = {isa = PBXBuildFile; fileRef = FEAD14DC1E4C338B000962D3 /* NSString+Conversion.m */; };
		FEAD14E41E4C339D000962D3 /* NSString+Extension.m in Sources */ = {isa = PBXBuildFile; fileRef = FEAD14DF1E4C339D000962D3 /* NSString+Extension.m */; };
		FEAD14E51E4C339D000962D3 /* NSString+FilePath.m in Sources */ = {isa = PBXBuildFile; fileRef = FEAD14E11E4C339D000962D3 /* NSString+FilePath.m */; };
		FEAD14E61E4C339D000962D3 /* NSString+Hash.m in Sources */ = {isa = PBXBuildFile; fileRef = FEAD14E31E4C339D000962D3 /* NSString+Hash.m */; };
		FEAD14EA1E4C35D3000962D3 /* XFOrderDetailsDeliverAddressTVCell.m in Sources */ = {isa = PBXBuildFile; fileRef = FEAD14E81E4C35D3000962D3 /* XFOrderDetailsDeliverAddressTVCell.m */; };
		FEAD14EB1E4C35D3000962D3 /* XFOrderDetailsDeliverAddressTVCell.xib in Resources */ = {isa = PBXBuildFile; fileRef = FEAD14E91E4C35D3000962D3 /* XFOrderDetailsDeliverAddressTVCell.xib */; };
		FEFF69991E456A9200639DBE /* XFNavigationController.m in Sources */ = {isa = PBXBuildFile; fileRef = FEFF69981E456A9200639DBE /* XFNavigationController.m */; };
		FEFF699D1E456F5900639DBE /* AppDelegate.m in Sources */ = {isa = PBXBuildFile; fileRef = FEFF699C1E456F5900639DBE /* AppDelegate.m */; };
		FEFF69B41E45743600639DBE /* UIColor+Extension.m in Sources */ = {isa = PBXBuildFile; fileRef = FEFF69AB1E45743600639DBE /* UIColor+Extension.m */; };
		FEFF69B51E45743600639DBE /* UIColor+Project.m in Sources */ = {isa = PBXBuildFile; fileRef = FEFF69AD1E45743600639DBE /* UIColor+Project.m */; };
		FEFF69B61E45743600639DBE /* UIImage+Create.m in Sources */ = {isa = PBXBuildFile; fileRef = FEFF69B01E45743600639DBE /* UIImage+Create.m */; };
		FEFF69B71E45743600639DBE /* UIView+Frame.m in Sources */ = {isa = PBXBuildFile; fileRef = FEFF69B31E45743600639DBE /* UIView+Frame.m */; };
		FEFF69C51E457A9300639DBE /* XFKVCPersistence.m in Sources */ = {isa = PBXBuildFile; fileRef = FEFF69C41E457A9300639DBE /* XFKVCPersistence.m */; };
		FEFF69CC1E459E5C00639DBE /* XFViewController.m in Sources */ = {isa = PBXBuildFile; fileRef = FEFF69CB1E459E5C00639DBE /* XFViewController.m */; };
		FEFF69D31E459EB200639DBE /* XFOrderListViewController.m in Sources */ = {isa = PBXBuildFile; fileRef = FEFF69D11E459EB200639DBE /* XFOrderListViewController.m */; };
		FEFF69E21E45BB4D00639DBE /* XFExpressDetailsViewController.m in Sources */ = {isa = PBXBuildFile; fileRef = FEFF69E01E45BB4D00639DBE /* XFExpressDetailsViewController.m */; };
		FEFF69E31E45BB4D00639DBE /* XFExpressDetailsViewController.xib in Resources */ = {isa = PBXBuildFile; fileRef = FEFF69E11E45BB4D00639DBE /* XFExpressDetailsViewController.xib */; };
		FEFF69E71E45BB5F00639DBE /* XFOrderDetailsViewController.m in Sources */ = {isa = PBXBuildFile; fileRef = FEFF69E51E45BB5F00639DBE /* XFOrderDetailsViewController.m */; };
		FEFF69E81E45BB5F00639DBE /* XFOrderDetailsViewController.xib in Resources */ = {isa = PBXBuildFile; fileRef = FEFF69E61E45BB5F00639DBE /* XFOrderDetailsViewController.xib */; };
		FEFF69ED1E45C05500639DBE /* XFOrderListTVCell.m in Sources */ = {isa = PBXBuildFile; fileRef = FEFF69EB1E45C05500639DBE /* XFOrderListTVCell.m */; };
		FEFF69EE1E45C05500639DBE /* XFOrderListTVCell.xib in Resources */ = {isa = PBXBuildFile; fileRef = FEFF69EC1E45C05500639DBE /* XFOrderListTVCell.xib */; };
		FEFF69F11E45C29400639DBE /* XFOrderListSectionHeaderView.m in Sources */ = {isa = PBXBuildFile; fileRef = FEFF69F01E45C29400639DBE /* XFOrderListSectionHeaderView.m */; };
		FEFF69F41E45C2E600639DBE /* XFOrderListSectionFooterView.m in Sources */ = {isa = PBXBuildFile; fileRef = FEFF69F31E45C2E600639DBE /* XFOrderListSectionFooterView.m */; };
		FEFF69F81E48683C00639DBE /* XFNetworking.m in Sources */ = {isa = PBXBuildFile; fileRef = FEFF69F71E48683C00639DBE /* XFNetworking.m */; };
		FEFF69FC1E48908100639DBE /* URLBase.m in Sources */ = {isa = PBXBuildFile; fileRef = FEFF69FB1E48908100639DBE /* URLBase.m */; };
		FEFF6A001E4890D100639DBE /* URLOrderCenter.m in Sources */ = {isa = PBXBuildFile; fileRef = FEFF69FF1E4890D100639DBE /* URLOrderCenter.m */; };
		FEFF6A0B1E495B0600639DBE /* XFProgressHUD.m in Sources */ = {isa = PBXBuildFile; fileRef = FEFF6A0A1E495B0600639DBE /* XFProgressHUD.m */; };
		FEFF6A0F1E49680300639DBE /* NSObject+Ext.m in Sources */ = {isa = PBXBuildFile; fileRef = FEFF6A0E1E49680300639DBE /* NSObject+Ext.m */; };
/* End PBXBuildFile section */

/* Begin PBXContainerItemProxy section */
		FE474E0B1E2DEADD0005CD98 /* PBXContainerItemProxy */ = {
			isa = PBXContainerItemProxy;
			containerPortal = FE474DE91E2DEADC0005CD98 /* Project object */;
			proxyType = 1;
			remoteGlobalIDString = FE474DF01E2DEADC0005CD98;
			remoteInfo = InnerForCourier;
		};
		FE474E161E2DEADD0005CD98 /* PBXContainerItemProxy */ = {
			isa = PBXContainerItemProxy;
			containerPortal = FE474DE91E2DEADC0005CD98 /* Project object */;
			proxyType = 1;
			remoteGlobalIDString = FE474DF01E2DEADC0005CD98;
			remoteInfo = InnerForCourier;
		};
/* End PBXContainerItemProxy section */

/* Begin PBXFileReference section */
		58A1470433D789D19A84AE49 /* Pods-InnerForCourier.debug.xcconfig */ = {isa = PBXFileReference; includeInIndex = 1; lastKnownFileType = text.xcconfig; name = "Pods-InnerForCourier.debug.xcconfig"; path = "Pods/Target Support Files/Pods-InnerForCourier/Pods-InnerForCourier.debug.xcconfig"; sourceTree = "<group>"; };
		86570D64667164E1B34F5F57 /* Pods-InnerForCourier.release.xcconfig */ = {isa = PBXFileReference; includeInIndex = 1; lastKnownFileType = text.xcconfig; name = "Pods-InnerForCourier.release.xcconfig"; path = "Pods/Target Support Files/Pods-InnerForCourier/Pods-InnerForCourier.release.xcconfig"; sourceTree = "<group>"; };
		AC40793D5F8BA1F858CBA1FC /* libPods-InnerForCourier.a */ = {isa = PBXFileReference; explicitFileType = archive.ar; includeInIndex = 0; path = "libPods-InnerForCourier.a"; sourceTree = BUILT_PRODUCTS_DIR; };
		FE474DF11E2DEADC0005CD98 /* InnerForCourier.app */ = {isa = PBXFileReference; explicitFileType = wrapper.application; includeInIndex = 0; path = InnerForCourier.app; sourceTree = BUILT_PRODUCTS_DIR; };
		FE474DF51E2DEADC0005CD98 /* main.m */ = {isa = PBXFileReference; lastKnownFileType = sourcecode.c.objc; path = main.m; sourceTree = "<group>"; };
		FE474DFE1E2DEADC0005CD98 /* Base */ = {isa = PBXFileReference; lastKnownFileType = file.storyboard; name = Base; path = Base.lproj/Main.storyboard; sourceTree = "<group>"; };
		FE474E001E2DEADC0005CD98 /* Assets.xcassets */ = {isa = PBXFileReference; lastKnownFileType = folder.assetcatalog; name = Assets.xcassets; path = ../../Assets.xcassets; sourceTree = "<group>"; };
		FE474E031E2DEADC0005CD98 /* Base */ = {isa = PBXFileReference; lastKnownFileType = file.storyboard; name = Base; path = Base.lproj/LaunchScreen.storyboard; sourceTree = "<group>"; };
		FE474E051E2DEADC0005CD98 /* Info.plist */ = {isa = PBXFileReference; lastKnownFileType = text.plist.xml; name = Info.plist; path = ../../Info.plist; sourceTree = "<group>"; };
		FE474E0A1E2DEADD0005CD98 /* InnerForCourierTests.xctest */ = {isa = PBXFileReference; explicitFileType = wrapper.cfbundle; includeInIndex = 0; path = InnerForCourierTests.xctest; sourceTree = BUILT_PRODUCTS_DIR; };
		FE474E0E1E2DEADD0005CD98 /* InnerForCourierTests.m */ = {isa = PBXFileReference; lastKnownFileType = sourcecode.c.objc; path = InnerForCourierTests.m; sourceTree = "<group>"; };
		FE474E101E2DEADD0005CD98 /* Info.plist */ = {isa = PBXFileReference; lastKnownFileType = text.plist.xml; path = Info.plist; sourceTree = "<group>"; };
		FE474E151E2DEADD0005CD98 /* InnerForCourierUITests.xctest */ = {isa = PBXFileReference; explicitFileType = wrapper.cfbundle; includeInIndex = 0; path = InnerForCourierUITests.xctest; sourceTree = BUILT_PRODUCTS_DIR; };
		FE474E191E2DEADD0005CD98 /* InnerForCourierUITests.m */ = {isa = PBXFileReference; lastKnownFileType = sourcecode.c.objc; path = InnerForCourierUITests.m; sourceTree = "<group>"; };
		FE474E1B1E2DEADD0005CD98 /* Info.plist */ = {isa = PBXFileReference; lastKnownFileType = text.plist.xml; path = Info.plist; sourceTree = "<group>"; };
		FE72EFAC1E44757200584C1C /* XFLoginViewController.h */ = {isa = PBXFileReference; fileEncoding = 4; lastKnownFileType = sourcecode.c.h; path = XFLoginViewController.h; sourceTree = "<group>"; };
		FE72EFAD1E44757200584C1C /* XFLoginViewController.m */ = {isa = PBXFileReference; fileEncoding = 4; lastKnownFileType = sourcecode.c.objc; path = XFLoginViewController.m; sourceTree = "<group>"; };
		FE72EFB31E44759A00584C1C /* XFColorDefine.h */ = {isa = PBXFileReference; fileEncoding = 4; lastKnownFileType = sourcecode.c.h; path = XFColorDefine.h; sourceTree = "<group>"; };
		FE76AA211E56B2FB00100A9F /* XFRequestLogin.h */ = {isa = PBXFileReference; fileEncoding = 4; lastKnownFileType = sourcecode.c.h; path = XFRequestLogin.h; sourceTree = "<group>"; };
		FE76AA221E56B2FB00100A9F /* XFRequestLogin.m */ = {isa = PBXFileReference; fileEncoding = 4; lastKnownFileType = sourcecode.c.objc; path = XFRequestLogin.m; sourceTree = "<group>"; };
		FE76AA241E56B32600100A9F /* XFRequestLoginKeys.h */ = {isa = PBXFileReference; fileEncoding = 4; lastKnownFileType = sourcecode.c.h; path = XFRequestLoginKeys.h; sourceTree = "<group>"; };
		FE76AA261E56B75E00100A9F /* URLLogin.h */ = {isa = PBXFileReference; fileEncoding = 4; lastKnownFileType = sourcecode.c.h; path = URLLogin.h; sourceTree = "<group>"; };
		FE76AA271E56B75E00100A9F /* URLLogin.m */ = {isa = PBXFileReference; fileEncoding = 4; lastKnownFileType = sourcecode.c.objc; path = URLLogin.m; sourceTree = "<group>"; };
		FE76AA2A1E56B82D00100A9F /* XFRequestOrderCenter.h */ = {isa = PBXFileReference; fileEncoding = 4; lastKnownFileType = sourcecode.c.h; path = XFRequestOrderCenter.h; sourceTree = "<group>"; };
		FE76AA2B1E56B82D00100A9F /* XFRequestOrderCenter.m */ = {isa = PBXFileReference; fileEncoding = 4; lastKnownFileType = sourcecode.c.objc; path = XFRequestOrderCenter.m; sourceTree = "<group>"; };
		FE76AA2C1E56B82D00100A9F /* XFRequestOrderCenterKeys.h */ = {isa = PBXFileReference; fileEncoding = 4; lastKnownFileType = sourcecode.c.h; path = XFRequestOrderCenterKeys.h; sourceTree = "<group>"; };
		FE76AA2F1E56B85D00100A9F /* XFBaseRequest.h */ = {isa = PBXFileReference; fileEncoding = 4; lastKnownFileType = sourcecode.c.h; path = XFBaseRequest.h; sourceTree = "<group>"; };
		FE76AA301E56B85D00100A9F /* XFBaseRequest.m */ = {isa = PBXFileReference; fileEncoding = 4; lastKnownFileType = sourcecode.c.objc; path = XFBaseRequest.m; sourceTree = "<group>"; };
		FE76AA311E56B85D00100A9F /* XFRequestKeys.h */ = {isa = PBXFileReference; fileEncoding = 4; lastKnownFileType = sourcecode.c.h; path = XFRequestKeys.h; sourceTree = "<group>"; };
		FE8CEF9A1E514C1800779B5F /* XFExpressNoDataTVCell.h */ = {isa = PBXFileReference; fileEncoding = 4; lastKnownFileType = sourcecode.c.h; path = XFExpressNoDataTVCell.h; sourceTree = "<group>"; };
		FE8CEF9B1E514C1800779B5F /* XFExpressNoDataTVCell.m */ = {isa = PBXFileReference; fileEncoding = 4; lastKnownFileType = sourcecode.c.objc; path = XFExpressNoDataTVCell.m; sourceTree = "<group>"; };
		FE8CEF9C1E514C1800779B5F /* XFExpressNoDataTVCell.xib */ = {isa = PBXFileReference; fileEncoding = 4; lastKnownFileType = file.xib; path = XFExpressNoDataTVCell.xib; sourceTree = "<group>"; };
		FE8CEFA21E5546B000779B5F /* XFNoDataView.xib */ = {isa = PBXFileReference; fileEncoding = 4; lastKnownFileType = file.xib; path = XFNoDataView.xib; sourceTree = "<group>"; };
		FE8CEFA41E55476400779B5F /* XFNoDataView.h */ = {isa = PBXFileReference; fileEncoding = 4; lastKnownFileType = sourcecode.c.h; path = XFNoDataView.h; sourceTree = "<group>"; };
		FE8CEFA51E55476400779B5F /* XFNoDataView.m */ = {isa = PBXFileReference; fileEncoding = 4; lastKnownFileType = sourcecode.c.objc; path = XFNoDataView.m; sourceTree = "<group>"; };
		FEA20E921E4D6FF200FAD315 /* XFTableViewCell.h */ = {isa = PBXFileReference; fileEncoding = 4; lastKnownFileType = sourcecode.c.h; path = XFTableViewCell.h; sourceTree = "<group>"; };
		FEA20E931E4D6FF200FAD315 /* XFTableViewCell.m */ = {isa = PBXFileReference; fileEncoding = 4; lastKnownFileType = sourcecode.c.objc; path = XFTableViewCell.m; sourceTree = "<group>"; };
		FEA20EC41E4EEC3000FAD315 /* XFExpressList.h */ = {isa = PBXFileReference; fileEncoding = 4; lastKnownFileType = sourcecode.c.h; path = XFExpressList.h; sourceTree = "<group>"; };
		FEA20EC51E4EEC3000FAD315 /* XFExpressList.m */ = {isa = PBXFileReference; fileEncoding = 4; lastKnownFileType = sourcecode.c.objc; path = XFExpressList.m; sourceTree = "<group>"; };
		FEAD14881E49B4FD000962D3 /* XFExpressDetailsFirstLineTVCell.h */ = {isa = PBXFileReference; fileEncoding = 4; lastKnownFileType = sourcecode.c.h; path = XFExpressDetailsFirstLineTVCell.h; sourceTree = "<group>"; };
		FEAD14891E49B4FD000962D3 /* XFExpressDetailsFirstLineTVCell.m */ = {isa = PBXFileReference; fileEncoding = 4; lastKnownFileType = sourcecode.c.objc; path = XFExpressDetailsFirstLineTVCell.m; sourceTree = "<group>"; };
		FEAD148A1E49B4FD000962D3 /* XFExpressDetailsFirstLineTVCell.xib */ = {isa = PBXFileReference; fileEncoding = 4; lastKnownFileType = file.xib; path = XFExpressDetailsFirstLineTVCell.xib; sourceTree = "<group>"; };
		FEAD148D1E49B50D000962D3 /* XFExpressDetailsTimeLineTVCell.h */ = {isa = PBXFileReference; fileEncoding = 4; lastKnownFileType = sourcecode.c.h; path = XFExpressDetailsTimeLineTVCell.h; sourceTree = "<group>"; };
		FEAD148E1E49B50D000962D3 /* XFExpressDetailsTimeLineTVCell.m */ = {isa = PBXFileReference; fileEncoding = 4; lastKnownFileType = sourcecode.c.objc; path = XFExpressDetailsTimeLineTVCell.m; sourceTree = "<group>"; };
		FEAD14921E49B5C5000962D3 /* TTTAttributedLabel.h */ = {isa = PBXFileReference; fileEncoding = 4; lastKnownFileType = sourcecode.c.h; path = TTTAttributedLabel.h; sourceTree = "<group>"; };
		FEAD14931E49B5C5000962D3 /* TTTAttributedLabel.m */ = {isa = PBXFileReference; fileEncoding = 4; lastKnownFileType = sourcecode.c.objc; path = TTTAttributedLabel.m; sourceTree = "<group>"; };
		FEAD14981E49CFFB000962D3 /* XFModel.h */ = {isa = PBXFileReference; fileEncoding = 4; lastKnownFileType = sourcecode.c.h; path = XFModel.h; sourceTree = "<group>"; };
		FEAD14991E49CFFB000962D3 /* XFModel.m */ = {isa = PBXFileReference; fileEncoding = 4; lastKnownFileType = sourcecode.c.objc; path = XFModel.m; sourceTree = "<group>"; };
		FEAD149B1E49D01A000962D3 /* XFOrder.h */ = {isa = PBXFileReference; fileEncoding = 4; lastKnownFileType = sourcecode.c.h; path = XFOrder.h; sourceTree = "<group>"; };
		FEAD149C1E49D01A000962D3 /* XFOrder.m */ = {isa = PBXFileReference; fileEncoding = 4; lastKnownFileType = sourcecode.c.objc; path = XFOrder.m; sourceTree = "<group>"; };
		FEAD149E1E49D69B000962D3 /* XFView.h */ = {isa = PBXFileReference; fileEncoding = 4; lastKnownFileType = sourcecode.c.h; path = XFView.h; sourceTree = "<group>"; };
		FEAD149F1E49D69B000962D3 /* XFView.m */ = {isa = PBXFileReference; fileEncoding = 4; lastKnownFileType = sourcecode.c.objc; path = XFView.m; sourceTree = "<group>"; };
		FEAD14A21E49E2F8000962D3 /* XFUser.h */ = {isa = PBXFileReference; fileEncoding = 4; lastKnownFileType = sourcecode.c.h; path = XFUser.h; sourceTree = "<group>"; };
		FEAD14A31E49E2F8000962D3 /* XFUser.m */ = {isa = PBXFileReference; fileEncoding = 4; lastKnownFileType = sourcecode.c.objc; path = XFUser.m; sourceTree = "<group>"; };
		FEAD14A61E4AA3D9000962D3 /* XFMemoryStorage.h */ = {isa = PBXFileReference; fileEncoding = 4; lastKnownFileType = sourcecode.c.h; path = XFMemoryStorage.h; sourceTree = "<group>"; };
		FEAD14A71E4AA3D9000962D3 /* XFMemoryStorage.m */ = {isa = PBXFileReference; fileEncoding = 4; lastKnownFileType = sourcecode.c.objc; path = XFMemoryStorage.m; sourceTree = "<group>"; };
		FEAD14A91E4AA3EC000962D3 /* XFMemoryStorageKeys.h */ = {isa = PBXFileReference; fileEncoding = 4; lastKnownFileType = sourcecode.c.h; path = XFMemoryStorageKeys.h; sourceTree = "<group>"; };
		FEAD14AB1E4ABE76000962D3 /* XFGoods.h */ = {isa = PBXFileReference; fileEncoding = 4; lastKnownFileType = sourcecode.c.h; path = XFGoods.h; sourceTree = "<group>"; };
		FEAD14AC1E4ABE76000962D3 /* XFGoods.m */ = {isa = PBXFileReference; fileEncoding = 4; lastKnownFileType = sourcecode.c.objc; path = XFGoods.m; sourceTree = "<group>"; };
		FEAD14AF1E4AFD41000962D3 /* XFExpress.h */ = {isa = PBXFileReference; fileEncoding = 4; lastKnownFileType = sourcecode.c.h; path = XFExpress.h; sourceTree = "<group>"; };
		FEAD14B01E4AFD41000962D3 /* XFExpress.m */ = {isa = PBXFileReference; fileEncoding = 4; lastKnownFileType = sourcecode.c.objc; path = XFExpress.m; sourceTree = "<group>"; };
		FEAD14B41E4B1D60000962D3 /* XFOrderDetailsModel.h */ = {isa = PBXFileReference; fileEncoding = 4; lastKnownFileType = sourcecode.c.h; path = XFOrderDetailsModel.h; sourceTree = "<group>"; };
		FEAD14B51E4B1D60000962D3 /* XFOrderDetailsModel.m */ = {isa = PBXFileReference; fileEncoding = 4; lastKnownFileType = sourcecode.c.objc; path = XFOrderDetailsModel.m; sourceTree = "<group>"; };
		FEAD14B71E4BF808000962D3 /* XFOrderDetailsOrderNumberTVCell.h */ = {isa = PBXFileReference; fileEncoding = 4; lastKnownFileType = sourcecode.c.h; path = XFOrderDetailsOrderNumberTVCell.h; sourceTree = "<group>"; };
		FEAD14B81E4BF808000962D3 /* XFOrderDetailsOrderNumberTVCell.m */ = {isa = PBXFileReference; fileEncoding = 4; lastKnownFileType = sourcecode.c.objc; path = XFOrderDetailsOrderNumberTVCell.m; sourceTree = "<group>"; };
		FEAD14B91E4BF808000962D3 /* XFOrderDetailsOrderNumberTVCell.xib */ = {isa = PBXFileReference; fileEncoding = 4; lastKnownFileType = file.xib; path = XFOrderDetailsOrderNumberTVCell.xib; sourceTree = "<group>"; };
		FEAD14BD1E4BFCA6000962D3 /* XFRow.h */ = {isa = PBXFileReference; fileEncoding = 4; lastKnownFileType = sourcecode.c.h; path = XFRow.h; sourceTree = "<group>"; };
		FEAD14BE1E4BFCA6000962D3 /* XFRow.m */ = {isa = PBXFileReference; fileEncoding = 4; lastKnownFileType = sourcecode.c.objc; path = XFRow.m; sourceTree = "<group>"; };
		FEAD14C01E4C0041000962D3 /* XFOrderDetailsAddressCell.h */ = {isa = PBXFileReference; fileEncoding = 4; lastKnownFileType = sourcecode.c.h; path = XFOrderDetailsAddressCell.h; sourceTree = "<group>"; };
		FEAD14C11E4C0041000962D3 /* XFOrderDetailsAddressCell.m */ = {isa = PBXFileReference; fileEncoding = 4; lastKnownFileType = sourcecode.c.objc; path = XFOrderDetailsAddressCell.m; sourceTree = "<group>"; };
		FEAD14C21E4C0041000962D3 /* XFOrderDetailsAddressCell.xib */ = {isa = PBXFileReference; fileEncoding = 4; lastKnownFileType = file.xib; path = XFOrderDetailsAddressCell.xib; sourceTree = "<group>"; };
		FEAD14C51E4C1122000962D3 /* XFOrderDetailsNoInvoiceCell.h */ = {isa = PBXFileReference; fileEncoding = 4; lastKnownFileType = sourcecode.c.h; path = XFOrderDetailsNoInvoiceCell.h; sourceTree = "<group>"; };
		FEAD14C61E4C1122000962D3 /* XFOrderDetailsNoInvoiceCell.m */ = {isa = PBXFileReference; fileEncoding = 4; lastKnownFileType = sourcecode.c.objc; path = XFOrderDetailsNoInvoiceCell.m; sourceTree = "<group>"; };
		FEAD14C71E4C1122000962D3 /* XFOrderDetailsNoInvoiceCell.xib */ = {isa = PBXFileReference; fileEncoding = 4; lastKnownFileType = file.xib; path = XFOrderDetailsNoInvoiceCell.xib; sourceTree = "<group>"; };
		FEAD14CA1E4C1270000962D3 /* XFOrderDetailsInvoiceCell.h */ = {isa = PBXFileReference; fileEncoding = 4; lastKnownFileType = sourcecode.c.h; path = XFOrderDetailsInvoiceCell.h; sourceTree = "<group>"; };
		FEAD14CB1E4C1270000962D3 /* XFOrderDetailsInvoiceCell.m */ = {isa = PBXFileReference; fileEncoding = 4; lastKnownFileType = sourcecode.c.objc; path = XFOrderDetailsInvoiceCell.m; sourceTree = "<group>"; };
		FEAD14CC1E4C1270000962D3 /* XFOrderDetailsInvoiceCell.xib */ = {isa = PBXFileReference; fileEncoding = 4; lastKnownFileType = file.xib; path = XFOrderDetailsInvoiceCell.xib; sourceTree = "<group>"; };
		FEAD14CF1E4C1503000962D3 /* XFOrderDetailsBasicInfoCell.h */ = {isa = PBXFileReference; fileEncoding = 4; lastKnownFileType = sourcecode.c.h; path = XFOrderDetailsBasicInfoCell.h; sourceTree = "<group>"; };
		FEAD14D01E4C1503000962D3 /* XFOrderDetailsBasicInfoCell.m */ = {isa = PBXFileReference; fileEncoding = 4; lastKnownFileType = sourcecode.c.objc; path = XFOrderDetailsBasicInfoCell.m; sourceTree = "<group>"; };
		FEAD14D11E4C1503000962D3 /* XFOrderDetailsBasicInfoCell.xib */ = {isa = PBXFileReference; fileEncoding = 4; lastKnownFileType = file.xib; path = XFOrderDetailsBasicInfoCell.xib; sourceTree = "<group>"; };
		FEAD14D41E4C2C7A000962D3 /* XFOrderDetailsGoodsModel.h */ = {isa = PBXFileReference; fileEncoding = 4; lastKnownFileType = sourcecode.c.h; path = XFOrderDetailsGoodsModel.h; sourceTree = "<group>"; };
		FEAD14D51E4C2C7A000962D3 /* XFOrderDetailsGoodsModel.m */ = {isa = PBXFileReference; fileEncoding = 4; lastKnownFileType = sourcecode.c.objc; path = XFOrderDetailsGoodsModel.m; sourceTree = "<group>"; };
		FEAD14DB1E4C338B000962D3 /* NSString+Conversion.h */ = {isa = PBXFileReference; fileEncoding = 4; lastKnownFileType = sourcecode.c.h; path = "NSString+Conversion.h"; sourceTree = "<group>"; };
		FEAD14DC1E4C338B000962D3 /* NSString+Conversion.m */ = {isa = PBXFileReference; fileEncoding = 4; lastKnownFileType = sourcecode.c.objc; path = "NSString+Conversion.m"; sourceTree = "<group>"; };
		FEAD14DE1E4C339D000962D3 /* NSString+Extension.h */ = {isa = PBXFileReference; fileEncoding = 4; lastKnownFileType = sourcecode.c.h; path = "NSString+Extension.h"; sourceTree = "<group>"; };
		FEAD14DF1E4C339D000962D3 /* NSString+Extension.m */ = {isa = PBXFileReference; fileEncoding = 4; lastKnownFileType = sourcecode.c.objc; path = "NSString+Extension.m"; sourceTree = "<group>"; };
		FEAD14E01E4C339D000962D3 /* NSString+FilePath.h */ = {isa = PBXFileReference; fileEncoding = 4; lastKnownFileType = sourcecode.c.h; path = "NSString+FilePath.h"; sourceTree = "<group>"; };
		FEAD14E11E4C339D000962D3 /* NSString+FilePath.m */ = {isa = PBXFileReference; fileEncoding = 4; lastKnownFileType = sourcecode.c.objc; path = "NSString+FilePath.m"; sourceTree = "<group>"; };
		FEAD14E21E4C339D000962D3 /* NSString+Hash.h */ = {isa = PBXFileReference; fileEncoding = 4; lastKnownFileType = sourcecode.c.h; path = "NSString+Hash.h"; sourceTree = "<group>"; };
		FEAD14E31E4C339D000962D3 /* NSString+Hash.m */ = {isa = PBXFileReference; fileEncoding = 4; lastKnownFileType = sourcecode.c.objc; path = "NSString+Hash.m"; sourceTree = "<group>"; };
		FEAD14E71E4C35D3000962D3 /* XFOrderDetailsDeliverAddressTVCell.h */ = {isa = PBXFileReference; fileEncoding = 4; lastKnownFileType = sourcecode.c.h; path = XFOrderDetailsDeliverAddressTVCell.h; sourceTree = "<group>"; };
		FEAD14E81E4C35D3000962D3 /* XFOrderDetailsDeliverAddressTVCell.m */ = {isa = PBXFileReference; fileEncoding = 4; lastKnownFileType = sourcecode.c.objc; path = XFOrderDetailsDeliverAddressTVCell.m; sourceTree = "<group>"; };
		FEAD14E91E4C35D3000962D3 /* XFOrderDetailsDeliverAddressTVCell.xib */ = {isa = PBXFileReference; fileEncoding = 4; lastKnownFileType = file.xib; path = XFOrderDetailsDeliverAddressTVCell.xib; sourceTree = "<group>"; };
		FEFF69971E456A9200639DBE /* XFNavigationController.h */ = {isa = PBXFileReference; fileEncoding = 4; lastKnownFileType = sourcecode.c.h; path = XFNavigationController.h; sourceTree = "<group>"; };
		FEFF69981E456A9200639DBE /* XFNavigationController.m */ = {isa = PBXFileReference; fileEncoding = 4; lastKnownFileType = sourcecode.c.objc; path = XFNavigationController.m; sourceTree = "<group>"; };
		FEFF699B1E456F5900639DBE /* AppDelegate.h */ = {isa = PBXFileReference; fileEncoding = 4; lastKnownFileType = sourcecode.c.h; path = AppDelegate.h; sourceTree = "<group>"; };
		FEFF699C1E456F5900639DBE /* AppDelegate.m */ = {isa = PBXFileReference; fileEncoding = 4; lastKnownFileType = sourcecode.c.objc; path = AppDelegate.m; sourceTree = "<group>"; };
		FEFF69AA1E45743600639DBE /* UIColor+Extension.h */ = {isa = PBXFileReference; fileEncoding = 4; lastKnownFileType = sourcecode.c.h; path = "UIColor+Extension.h"; sourceTree = "<group>"; };
		FEFF69AB1E45743600639DBE /* UIColor+Extension.m */ = {isa = PBXFileReference; fileEncoding = 4; lastKnownFileType = sourcecode.c.objc; path = "UIColor+Extension.m"; sourceTree = "<group>"; };
		FEFF69AC1E45743600639DBE /* UIColor+Project.h */ = {isa = PBXFileReference; fileEncoding = 4; lastKnownFileType = sourcecode.c.h; path = "UIColor+Project.h"; sourceTree = "<group>"; };
		FEFF69AD1E45743600639DBE /* UIColor+Project.m */ = {isa = PBXFileReference; fileEncoding = 4; lastKnownFileType = sourcecode.c.objc; path = "UIColor+Project.m"; sourceTree = "<group>"; };
		FEFF69AF1E45743600639DBE /* UIImage+Create.h */ = {isa = PBXFileReference; fileEncoding = 4; lastKnownFileType = sourcecode.c.h; path = "UIImage+Create.h"; sourceTree = "<group>"; };
		FEFF69B01E45743600639DBE /* UIImage+Create.m */ = {isa = PBXFileReference; fileEncoding = 4; lastKnownFileType = sourcecode.c.objc; path = "UIImage+Create.m"; sourceTree = "<group>"; };
		FEFF69B21E45743600639DBE /* UIView+Frame.h */ = {isa = PBXFileReference; fileEncoding = 4; lastKnownFileType = sourcecode.c.h; path = "UIView+Frame.h"; sourceTree = "<group>"; };
		FEFF69B31E45743600639DBE /* UIView+Frame.m */ = {isa = PBXFileReference; fileEncoding = 4; lastKnownFileType = sourcecode.c.objc; path = "UIView+Frame.m"; sourceTree = "<group>"; };
		FEFF69B81E45747100639DBE /* PrefixHeader.pch */ = {isa = PBXFileReference; fileEncoding = 4; lastKnownFileType = sourcecode.c.h; path = PrefixHeader.pch; sourceTree = "<group>"; };
		FEFF69B91E45793100639DBE /* XFKVCPersistenceDelegate.h */ = {isa = PBXFileReference; fileEncoding = 4; lastKnownFileType = sourcecode.c.h; path = XFKVCPersistenceDelegate.h; sourceTree = "<group>"; };
		FEFF69C31E457A9300639DBE /* XFKVCPersistence.h */ = {isa = PBXFileReference; fileEncoding = 4; lastKnownFileType = sourcecode.c.h; path = XFKVCPersistence.h; sourceTree = "<group>"; };
		FEFF69C41E457A9300639DBE /* XFKVCPersistence.m */ = {isa = PBXFileReference; fileEncoding = 4; lastKnownFileType = sourcecode.c.objc; path = XFKVCPersistence.m; sourceTree = "<group>"; };
		FEFF69CA1E459E5C00639DBE /* XFViewController.h */ = {isa = PBXFileReference; fileEncoding = 4; lastKnownFileType = sourcecode.c.h; path = XFViewController.h; sourceTree = "<group>"; };
		FEFF69CB1E459E5C00639DBE /* XFViewController.m */ = {isa = PBXFileReference; fileEncoding = 4; lastKnownFileType = sourcecode.c.objc; path = XFViewController.m; sourceTree = "<group>"; };
		FEFF69D01E459EB200639DBE /* XFOrderListViewController.h */ = {isa = PBXFileReference; fileEncoding = 4; lastKnownFileType = sourcecode.c.h; path = XFOrderListViewController.h; sourceTree = "<group>"; };
		FEFF69D11E459EB200639DBE /* XFOrderListViewController.m */ = {isa = PBXFileReference; fileEncoding = 4; lastKnownFileType = sourcecode.c.objc; path = XFOrderListViewController.m; sourceTree = "<group>"; };
		FEFF69DF1E45BB4D00639DBE /* XFExpressDetailsViewController.h */ = {isa = PBXFileReference; fileEncoding = 4; lastKnownFileType = sourcecode.c.h; path = XFExpressDetailsViewController.h; sourceTree = "<group>"; };
		FEFF69E01E45BB4D00639DBE /* XFExpressDetailsViewController.m */ = {isa = PBXFileReference; fileEncoding = 4; lastKnownFileType = sourcecode.c.objc; path = XFExpressDetailsViewController.m; sourceTree = "<group>"; };
		FEFF69E11E45BB4D00639DBE /* XFExpressDetailsViewController.xib */ = {isa = PBXFileReference; fileEncoding = 4; lastKnownFileType = file.xib; path = XFExpressDetailsViewController.xib; sourceTree = "<group>"; };
		FEFF69E41E45BB5F00639DBE /* XFOrderDetailsViewController.h */ = {isa = PBXFileReference; fileEncoding = 4; lastKnownFileType = sourcecode.c.h; path = XFOrderDetailsViewController.h; sourceTree = "<group>"; };
		FEFF69E51E45BB5F00639DBE /* XFOrderDetailsViewController.m */ = {isa = PBXFileReference; fileEncoding = 4; lastKnownFileType = sourcecode.c.objc; path = XFOrderDetailsViewController.m; sourceTree = "<group>"; };
		FEFF69E61E45BB5F00639DBE /* XFOrderDetailsViewController.xib */ = {isa = PBXFileReference; fileEncoding = 4; lastKnownFileType = file.xib; path = XFOrderDetailsViewController.xib; sourceTree = "<group>"; };
		FEFF69EA1E45C05500639DBE /* XFOrderListTVCell.h */ = {isa = PBXFileReference; fileEncoding = 4; lastKnownFileType = sourcecode.c.h; path = XFOrderListTVCell.h; sourceTree = "<group>"; };
		FEFF69EB1E45C05500639DBE /* XFOrderListTVCell.m */ = {isa = PBXFileReference; fileEncoding = 4; lastKnownFileType = sourcecode.c.objc; path = XFOrderListTVCell.m; sourceTree = "<group>"; };
		FEFF69EC1E45C05500639DBE /* XFOrderListTVCell.xib */ = {isa = PBXFileReference; fileEncoding = 4; lastKnownFileType = file.xib; path = XFOrderListTVCell.xib; sourceTree = "<group>"; };
		FEFF69EF1E45C29400639DBE /* XFOrderListSectionHeaderView.h */ = {isa = PBXFileReference; fileEncoding = 4; lastKnownFileType = sourcecode.c.h; path = XFOrderListSectionHeaderView.h; sourceTree = "<group>"; };
		FEFF69F01E45C29400639DBE /* XFOrderListSectionHeaderView.m */ = {isa = PBXFileReference; fileEncoding = 4; lastKnownFileType = sourcecode.c.objc; path = XFOrderListSectionHeaderView.m; sourceTree = "<group>"; };
		FEFF69F21E45C2E600639DBE /* XFOrderListSectionFooterView.h */ = {isa = PBXFileReference; fileEncoding = 4; lastKnownFileType = sourcecode.c.h; path = XFOrderListSectionFooterView.h; sourceTree = "<group>"; };
		FEFF69F31E45C2E600639DBE /* XFOrderListSectionFooterView.m */ = {isa = PBXFileReference; fileEncoding = 4; lastKnownFileType = sourcecode.c.objc; path = XFOrderListSectionFooterView.m; sourceTree = "<group>"; };
		FEFF69F61E48683C00639DBE /* XFNetworking.h */ = {isa = PBXFileReference; fileEncoding = 4; lastKnownFileType = sourcecode.c.h; path = XFNetworking.h; sourceTree = "<group>"; };
		FEFF69F71E48683C00639DBE /* XFNetworking.m */ = {isa = PBXFileReference; fileEncoding = 4; lastKnownFileType = sourcecode.c.objc; path = XFNetworking.m; sourceTree = "<group>"; };
		FEFF69FA1E48908100639DBE /* URLBase.h */ = {isa = PBXFileReference; fileEncoding = 4; lastKnownFileType = sourcecode.c.h; path = URLBase.h; sourceTree = "<group>"; };
		FEFF69FB1E48908100639DBE /* URLBase.m */ = {isa = PBXFileReference; fileEncoding = 4; lastKnownFileType = sourcecode.c.objc; path = URLBase.m; sourceTree = "<group>"; };
		FEFF69FE1E4890D100639DBE /* URLOrderCenter.h */ = {isa = PBXFileReference; fileEncoding = 4; lastKnownFileType = sourcecode.c.h; path = URLOrderCenter.h; sourceTree = "<group>"; };
		FEFF69FF1E4890D100639DBE /* URLOrderCenter.m */ = {isa = PBXFileReference; fileEncoding = 4; lastKnownFileType = sourcecode.c.objc; path = URLOrderCenter.m; sourceTree = "<group>"; };
		FEFF6A091E495B0600639DBE /* XFProgressHUD.h */ = {isa = PBXFileReference; fileEncoding = 4; lastKnownFileType = sourcecode.c.h; path = XFProgressHUD.h; sourceTree = "<group>"; };
		FEFF6A0A1E495B0600639DBE /* XFProgressHUD.m */ = {isa = PBXFileReference; fileEncoding = 4; lastKnownFileType = sourcecode.c.objc; path = XFProgressHUD.m; sourceTree = "<group>"; };
		FEFF6A0D1E49680300639DBE /* NSObject+Ext.h */ = {isa = PBXFileReference; fileEncoding = 4; lastKnownFileType = sourcecode.c.h; path = "NSObject+Ext.h"; sourceTree = "<group>"; };
		FEFF6A0E1E49680300639DBE /* NSObject+Ext.m */ = {isa = PBXFileReference; fileEncoding = 4; lastKnownFileType = sourcecode.c.objc; path = "NSObject+Ext.m"; sourceTree = "<group>"; };
		FEFF6A101E496DDE00639DBE /* XFKVCPersistenceKeys.h */ = {isa = PBXFileReference; fileEncoding = 4; lastKnownFileType = sourcecode.c.h; path = XFKVCPersistenceKeys.h; sourceTree = "<group>"; };
/* End PBXFileReference section */

/* Begin PBXFrameworksBuildPhase section */
		FE474DEE1E2DEADC0005CD98 /* Frameworks */ = {
			isa = PBXFrameworksBuildPhase;
			buildActionMask = 2147483647;
			files = (
				5D80C1EAC0ACE0514A8D5367 /* libPods-InnerForCourier.a in Frameworks */,
			);
			runOnlyForDeploymentPostprocessing = 0;
		};
		FE474E071E2DEADD0005CD98 /* Frameworks */ = {
			isa = PBXFrameworksBuildPhase;
			buildActionMask = 2147483647;
			files = (
			);
			runOnlyForDeploymentPostprocessing = 0;
		};
		FE474E121E2DEADD0005CD98 /* Frameworks */ = {
			isa = PBXFrameworksBuildPhase;
			buildActionMask = 2147483647;
			files = (
			);
			runOnlyForDeploymentPostprocessing = 0;
		};
/* End PBXFrameworksBuildPhase section */

/* Begin PBXGroup section */
		3F7B135A06144F982D5A81D8 /* Frameworks */ = {
			isa = PBXGroup;
			children = (
				AC40793D5F8BA1F858CBA1FC /* libPods-InnerForCourier.a */,
			);
			name = Frameworks;
			sourceTree = "<group>";
		};
		634AA50F1D8656520145D37A /* Pods */ = {
			isa = PBXGroup;
			children = (
				58A1470433D789D19A84AE49 /* Pods-InnerForCourier.debug.xcconfig */,
				86570D64667164E1B34F5F57 /* Pods-InnerForCourier.release.xcconfig */,
			);
			name = Pods;
			sourceTree = "<group>";
		};
		FE474DE81E2DEADC0005CD98 = {
			isa = PBXGroup;
			children = (
				FE474DF31E2DEADC0005CD98 /* InnerForCourier */,
				FE474E0D1E2DEADD0005CD98 /* InnerForCourierTests */,
				FE474E181E2DEADD0005CD98 /* InnerForCourierUITests */,
				FE474DF21E2DEADC0005CD98 /* Products */,
				634AA50F1D8656520145D37A /* Pods */,
				3F7B135A06144F982D5A81D8 /* Frameworks */,
			);
			sourceTree = "<group>";
		};
		FE474DF21E2DEADC0005CD98 /* Products */ = {
			isa = PBXGroup;
			children = (
				FE474DF11E2DEADC0005CD98 /* InnerForCourier.app */,
				FE474E0A1E2DEADD0005CD98 /* InnerForCourierTests.xctest */,
				FE474E151E2DEADD0005CD98 /* InnerForCourierUITests.xctest */,
			);
			name = Products;
			sourceTree = "<group>";
		};
		FE474DF31E2DEADC0005CD98 /* InnerForCourier */ = {
			isa = PBXGroup;
			children = (
				FEFF699A1E456F5900639DBE /* AppDelegate */,
				FE72EFA91E44757200584C1C /* Main */,
				FE72EFA41E4470DF00584C1C /* Expand */,
				FEFF699E1E456F9E00639DBE /* Resources */,
				FEAD14901E49B5C5000962D3 /* Vender */,
				FE474DFD1E2DEADC0005CD98 /* Main.storyboard */,
				FE474E021E2DEADC0005CD98 /* LaunchScreen.storyboard */,
				FEFF69B81E45747100639DBE /* PrefixHeader.pch */,
				FE474DF41E2DEADC0005CD98 /* Supporting Files */,
			);
			path = InnerForCourier;
			sourceTree = "<group>";
		};
		FE474DF41E2DEADC0005CD98 /* Supporting Files */ = {
			isa = PBXGroup;
			children = (
				FE474DF51E2DEADC0005CD98 /* main.m */,
			);
			name = "Supporting Files";
			sourceTree = "<group>";
		};
		FE474E0D1E2DEADD0005CD98 /* InnerForCourierTests */ = {
			isa = PBXGroup;
			children = (
				FE474E0E1E2DEADD0005CD98 /* InnerForCourierTests.m */,
				FE474E101E2DEADD0005CD98 /* Info.plist */,
			);
			path = InnerForCourierTests;
			sourceTree = "<group>";
		};
		FE474E181E2DEADD0005CD98 /* InnerForCourierUITests */ = {
			isa = PBXGroup;
			children = (
				FE474E191E2DEADD0005CD98 /* InnerForCourierUITests.m */,
				FE474E1B1E2DEADD0005CD98 /* Info.plist */,
			);
			path = InnerForCourierUITests;
			sourceTree = "<group>";
		};
		FE72EFA41E4470DF00584C1C /* Expand */ = {
			isa = PBXGroup;
			children = (
				FE72EFB21E44759A00584C1C /* Define */,
				FEFF69A21E4572A000639DBE /* Network */,
				FEFF69A31E4572A000639DBE /* Persistence */,
				FEFF69A41E4572A000639DBE /* Tools */,
				FEFF69A51E4572A000639DBE /* Widgets */,
				FE72EFA51E4470DF00584C1C /* Categories */,
			);
			path = Expand;
			sourceTree = "<group>";
		};
		FE72EFA51E4470DF00584C1C /* Categories */ = {
			isa = PBXGroup;
			children = (
				FEFF6A0D1E49680300639DBE /* NSObject+Ext.h */,
				FEFF6A0E1E49680300639DBE /* NSObject+Ext.m */,
				FEAD14DA1E4C338B000962D3 /* NSString */,
				FEFF69A91E45743600639DBE /* UIColor */,
				FEFF69AE1E45743600639DBE /* UIImage */,
				FEFF69B11E45743600639DBE /* UIView */,
			);
			path = Categories;
			sourceTree = "<group>";
		};
		FE72EFA91E44757200584C1C /* Main */ = {
			isa = PBXGroup;
			children = (
				FEFF69C71E459DFF00639DBE /* Base */,
				FEFF69951E456A6F00639DBE /* Navigation */,
				FE72EFAA1E44757200584C1C /* Login */,
				FEFF69C61E459DCE00639DBE /* OrderList */,
				FEFF69D51E45B87D00639DBE /* ExpressDetails */,
				FEFF69D71E45B87D00639DBE /* OrderDetails */,
			);
			path = Main;
			sourceTree = "<group>";
		};
		FE72EFAA1E44757200584C1C /* Login */ = {
			isa = PBXGroup;
			children = (
				FEAD14A11E49E2D4000962D3 /* Model */,
				FE72EFAB1E44757200584C1C /* Controller */,
				FE76AA1D1E56B2BB00100A9F /* Request */,
			);
			path = Login;
			sourceTree = "<group>";
		};
		FE72EFAB1E44757200584C1C /* Controller */ = {
			isa = PBXGroup;
			children = (
				FE72EFAC1E44757200584C1C /* XFLoginViewController.h */,
				FE72EFAD1E44757200584C1C /* XFLoginViewController.m */,
			);
			path = Controller;
			sourceTree = "<group>";
		};
		FE72EFB21E44759A00584C1C /* Define */ = {
			isa = PBXGroup;
			children = (
				FE72EFB31E44759A00584C1C /* XFColorDefine.h */,
				FEFF69F91E486DF600639DBE /* URL */,
			);
			path = Define;
			sourceTree = "<group>";
		};
		FE76AA1D1E56B2BB00100A9F /* Request */ = {
			isa = PBXGroup;
			children = (
				FE76AA241E56B32600100A9F /* XFRequestLoginKeys.h */,
				FE76AA211E56B2FB00100A9F /* XFRequestLogin.h */,
				FE76AA221E56B2FB00100A9F /* XFRequestLogin.m */,
			);
			path = Request;
			sourceTree = "<group>";
		};
		FE76AA251E56B74100100A9F /* Login */ = {
			isa = PBXGroup;
			children = (
				FE76AA261E56B75E00100A9F /* URLLogin.h */,
				FE76AA271E56B75E00100A9F /* URLLogin.m */,
			);
			path = Login;
			sourceTree = "<group>";
		};
		FE76AA291E56B80900100A9F /* Request */ = {
			isa = PBXGroup;
			children = (
				FE76AA2C1E56B82D00100A9F /* XFRequestOrderCenterKeys.h */,
				FE76AA2A1E56B82D00100A9F /* XFRequestOrderCenter.h */,
				FE76AA2B1E56B82D00100A9F /* XFRequestOrderCenter.m */,
			);
			path = Request;
			sourceTree = "<group>";
		};
		FE76AA2E1E56B84C00100A9F /* Request */ = {
			isa = PBXGroup;
			children = (
				FE76AA2F1E56B85D00100A9F /* XFBaseRequest.h */,
				FE76AA301E56B85D00100A9F /* XFBaseRequest.m */,
				FE76AA311E56B85D00100A9F /* XFRequestKeys.h */,
			);
			path = Request;
			sourceTree = "<group>";
		};
		FEAD147F1E49B3FC000962D3 /* View */ = {
			isa = PBXGroup;
			children = (
				FEAD14881E49B4FD000962D3 /* XFExpressDetailsFirstLineTVCell.h */,
				FEAD14891E49B4FD000962D3 /* XFExpressDetailsFirstLineTVCell.m */,
				FEAD148A1E49B4FD000962D3 /* XFExpressDetailsFirstLineTVCell.xib */,
				FEAD148D1E49B50D000962D3 /* XFExpressDetailsTimeLineTVCell.h */,
				FEAD148E1E49B50D000962D3 /* XFExpressDetailsTimeLineTVCell.m */,
				FE8CEF9A1E514C1800779B5F /* XFExpressNoDataTVCell.h */,
				FE8CEF9B1E514C1800779B5F /* XFExpressNoDataTVCell.m */,
				FE8CEF9C1E514C1800779B5F /* XFExpressNoDataTVCell.xib */,
			);
			path = View;
			sourceTree = "<group>";
		};
		FEAD14901E49B5C5000962D3 /* Vender */ = {
			isa = PBXGroup;
			children = (
				FEAD14911E49B5C5000962D3 /* TTTAttributedLabel */,
			);
			name = Vender;
			path = Resources/Vender;
			sourceTree = "<group>";
		};
		FEAD14911E49B5C5000962D3 /* TTTAttributedLabel */ = {
			isa = PBXGroup;
			children = (
				FEAD14921E49B5C5000962D3 /* TTTAttributedLabel.h */,
				FEAD14931E49B5C5000962D3 /* TTTAttributedLabel.m */,
			);
			path = TTTAttributedLabel;
			sourceTree = "<group>";
		};
		FEAD14951E49CFBC000962D3 /* Model */ = {
			isa = PBXGroup;
			children = (
				FEAD149B1E49D01A000962D3 /* XFOrder.h */,
				FEAD149C1E49D01A000962D3 /* XFOrder.m */,
				FEAD14AB1E4ABE76000962D3 /* XFGoods.h */,
				FEAD14AC1E4ABE76000962D3 /* XFGoods.m */,
			);
			path = Model;
			sourceTree = "<group>";
		};
		FEAD14961E49CFDE000962D3 /* Model */ = {
			isa = PBXGroup;
			children = (
				FEAD14981E49CFFB000962D3 /* XFModel.h */,
				FEAD14991E49CFFB000962D3 /* XFModel.m */,
			);
			path = Model;
			sourceTree = "<group>";
		};
		FEAD14971E49CFDE000962D3 /* View */ = {
			isa = PBXGroup;
			children = (
				FEAD149E1E49D69B000962D3 /* XFView.h */,
				FEAD149F1E49D69B000962D3 /* XFView.m */,
				FEA20E921E4D6FF200FAD315 /* XFTableViewCell.h */,
				FEA20E931E4D6FF200FAD315 /* XFTableViewCell.m */,
			);
			path = View;
			sourceTree = "<group>";
		};
		FEAD14A11E49E2D4000962D3 /* Model */ = {
			isa = PBXGroup;
			children = (
				FEAD14A21E49E2F8000962D3 /* XFUser.h */,
				FEAD14A31E49E2F8000962D3 /* XFUser.m */,
			);
			path = Model;
			sourceTree = "<group>";
		};
		FEAD14A51E4AA3C6000962D3 /* XFMemoryStorage */ = {
			isa = PBXGroup;
			children = (
				FEAD14A91E4AA3EC000962D3 /* XFMemoryStorageKeys.h */,
				FEAD14A61E4AA3D9000962D3 /* XFMemoryStorage.h */,
				FEAD14A71E4AA3D9000962D3 /* XFMemoryStorage.m */,
			);
			path = XFMemoryStorage;
			sourceTree = "<group>";
		};
		FEAD14AE1E4AFD24000962D3 /* Model */ = {
			isa = PBXGroup;
			children = (
				FEAD14AF1E4AFD41000962D3 /* XFExpress.h */,
				FEAD14B01E4AFD41000962D3 /* XFExpress.m */,
				FEA20EC41E4EEC3000FAD315 /* XFExpressList.h */,
				FEA20EC51E4EEC3000FAD315 /* XFExpressList.m */,
			);
			path = Model;
			sourceTree = "<group>";
		};
		FEAD14B21E4B0EDB000962D3 /* Model */ = {
			isa = PBXGroup;
			children = (
				FEAD14B41E4B1D60000962D3 /* XFOrderDetailsModel.h */,
				FEAD14B51E4B1D60000962D3 /* XFOrderDetailsModel.m */,
				FEAD14D41E4C2C7A000962D3 /* XFOrderDetailsGoodsModel.h */,
				FEAD14D51E4C2C7A000962D3 /* XFOrderDetailsGoodsModel.m */,
			);
			path = Model;
			sourceTree = "<group>";
		};
		FEAD14B31E4B0EDB000962D3 /* View */ = {
			isa = PBXGroup;
			children = (
				FEAD14B71E4BF808000962D3 /* XFOrderDetailsOrderNumberTVCell.h */,
				FEAD14B81E4BF808000962D3 /* XFOrderDetailsOrderNumberTVCell.m */,
				FEAD14B91E4BF808000962D3 /* XFOrderDetailsOrderNumberTVCell.xib */,
				FEAD14C01E4C0041000962D3 /* XFOrderDetailsAddressCell.h */,
				FEAD14C11E4C0041000962D3 /* XFOrderDetailsAddressCell.m */,
				FEAD14C21E4C0041000962D3 /* XFOrderDetailsAddressCell.xib */,
				FEAD14C51E4C1122000962D3 /* XFOrderDetailsNoInvoiceCell.h */,
				FEAD14C61E4C1122000962D3 /* XFOrderDetailsNoInvoiceCell.m */,
				FEAD14C71E4C1122000962D3 /* XFOrderDetailsNoInvoiceCell.xib */,
				FEAD14CA1E4C1270000962D3 /* XFOrderDetailsInvoiceCell.h */,
				FEAD14CB1E4C1270000962D3 /* XFOrderDetailsInvoiceCell.m */,
				FEAD14CC1E4C1270000962D3 /* XFOrderDetailsInvoiceCell.xib */,
				FEAD14CF1E4C1503000962D3 /* XFOrderDetailsBasicInfoCell.h */,
				FEAD14D01E4C1503000962D3 /* XFOrderDetailsBasicInfoCell.m */,
				FEAD14D11E4C1503000962D3 /* XFOrderDetailsBasicInfoCell.xib */,
				FEAD14E71E4C35D3000962D3 /* XFOrderDetailsDeliverAddressTVCell.h */,
				FEAD14E81E4C35D3000962D3 /* XFOrderDetailsDeliverAddressTVCell.m */,
				FEAD14E91E4C35D3000962D3 /* XFOrderDetailsDeliverAddressTVCell.xib */,
			);
			path = View;
			sourceTree = "<group>";
		};
		FEAD14BC1E4BFC9C000962D3 /* Other */ = {
			isa = PBXGroup;
			children = (
				FEAD14BD1E4BFCA6000962D3 /* XFRow.h */,
				FEAD14BE1E4BFCA6000962D3 /* XFRow.m */,
			);
			path = Other;
			sourceTree = "<group>";
		};
		FEAD14DA1E4C338B000962D3 /* NSString */ = {
			isa = PBXGroup;
			children = (
				FEAD14DB1E4C338B000962D3 /* NSString+Conversion.h */,
				FEAD14DC1E4C338B000962D3 /* NSString+Conversion.m */,
				FEAD14DE1E4C339D000962D3 /* NSString+Extension.h */,
				FEAD14DF1E4C339D000962D3 /* NSString+Extension.m */,
				FEAD14E01E4C339D000962D3 /* NSString+FilePath.h */,
				FEAD14E11E4C339D000962D3 /* NSString+FilePath.m */,
				FEAD14E21E4C339D000962D3 /* NSString+Hash.h */,
				FEAD14E31E4C339D000962D3 /* NSString+Hash.m */,
			);
			path = NSString;
			sourceTree = "<group>";
		};
		FEFF69951E456A6F00639DBE /* Navigation */ = {
			isa = PBXGroup;
			children = (
				FEFF69961E456A6F00639DBE /* Controller */,
			);
			path = Navigation;
			sourceTree = "<group>";
		};
		FEFF69961E456A6F00639DBE /* Controller */ = {
			isa = PBXGroup;
			children = (
				FEFF69971E456A9200639DBE /* XFNavigationController.h */,
				FEFF69981E456A9200639DBE /* XFNavigationController.m */,
			);
			path = Controller;
			sourceTree = "<group>";
		};
		FEFF699A1E456F5900639DBE /* AppDelegate */ = {
			isa = PBXGroup;
			children = (
				FEFF699B1E456F5900639DBE /* AppDelegate.h */,
				FEFF699C1E456F5900639DBE /* AppDelegate.m */,
			);
			path = AppDelegate;
			sourceTree = "<group>";
		};
		FEFF699E1E456F9E00639DBE /* Resources */ = {
			isa = PBXGroup;
			children = (
				FEFF699F1E45714C00639DBE /* Image */,
				FEFF69A01E45714C00639DBE /* Plist */,
				FEFF69A11E45714C00639DBE /* Strings */,
			);
			path = Resources;
			sourceTree = "<group>";
		};
		FEFF699F1E45714C00639DBE /* Image */ = {
			isa = PBXGroup;
			children = (
				FE474E001E2DEADC0005CD98 /* Assets.xcassets */,
			);
			path = Image;
			sourceTree = "<group>";
		};
		FEFF69A01E45714C00639DBE /* Plist */ = {
			isa = PBXGroup;
			children = (
				FE474E051E2DEADC0005CD98 /* Info.plist */,
			);
			path = Plist;
			sourceTree = "<group>";
		};
		FEFF69A11E45714C00639DBE /* Strings */ = {
			isa = PBXGroup;
			children = (
			);
			path = Strings;
			sourceTree = "<group>";
		};
		FEFF69A21E4572A000639DBE /* Network */ = {
			isa = PBXGroup;
			children = (
				FEFF69F51E48683C00639DBE /* XFNetworking */,
			);
			path = Network;
			sourceTree = "<group>";
		};
		FEFF69A31E4572A000639DBE /* Persistence */ = {
			isa = PBXGroup;
			children = (
				FEFF69B91E45793100639DBE /* XFKVCPersistenceDelegate.h */,
				FEFF69C21E457A8200639DBE /* XFKVCPersistence */,
				FEAD14A51E4AA3C6000962D3 /* XFMemoryStorage */,
			);
			path = Persistence;
			sourceTree = "<group>";
		};
		FEFF69A41E4572A000639DBE /* Tools */ = {
			isa = PBXGroup;
			children = (
			);
			path = Tools;
			sourceTree = "<group>";
		};
		FEFF69A51E4572A000639DBE /* Widgets */ = {
			isa = PBXGroup;
			children = (
				FEFF6A091E495B0600639DBE /* XFProgressHUD.h */,
				FEFF6A0A1E495B0600639DBE /* XFProgressHUD.m */,
			);
			path = Widgets;
			sourceTree = "<group>";
		};
		FEFF69A91E45743600639DBE /* UIColor */ = {
			isa = PBXGroup;
			children = (
				FEFF69AA1E45743600639DBE /* UIColor+Extension.h */,
				FEFF69AB1E45743600639DBE /* UIColor+Extension.m */,
				FEFF69AC1E45743600639DBE /* UIColor+Project.h */,
				FEFF69AD1E45743600639DBE /* UIColor+Project.m */,
			);
			path = UIColor;
			sourceTree = "<group>";
		};
		FEFF69AE1E45743600639DBE /* UIImage */ = {
			isa = PBXGroup;
			children = (
				FEFF69AF1E45743600639DBE /* UIImage+Create.h */,
				FEFF69B01E45743600639DBE /* UIImage+Create.m */,
			);
			path = UIImage;
			sourceTree = "<group>";
		};
		FEFF69B11E45743600639DBE /* UIView */ = {
			isa = PBXGroup;
			children = (
				FEFF69B21E45743600639DBE /* UIView+Frame.h */,
				FEFF69B31E45743600639DBE /* UIView+Frame.m */,
			);
			path = UIView;
			sourceTree = "<group>";
		};
		FEFF69C21E457A8200639DBE /* XFKVCPersistence */ = {
			isa = PBXGroup;
			children = (
				FEFF6A101E496DDE00639DBE /* XFKVCPersistenceKeys.h */,
				FEFF69C31E457A9300639DBE /* XFKVCPersistence.h */,
				FEFF69C41E457A9300639DBE /* XFKVCPersistence.m */,
			);
			path = XFKVCPersistence;
			sourceTree = "<group>";
		};
		FEFF69C61E459DCE00639DBE /* OrderList */ = {
			isa = PBXGroup;
			children = (
				FEFF69C91E459E0B00639DBE /* Controller */,
				FEFF69E91E45C03500639DBE /* View */,
				FEAD14951E49CFBC000962D3 /* Model */,
				FE76AA291E56B80900100A9F /* Request */,
			);
			path = OrderList;
			sourceTree = "<group>";
		};
		FEFF69C71E459DFF00639DBE /* Base */ = {
			isa = PBXGroup;
			children = (
				FEFF69C81E459DFF00639DBE /* Controller */,
				FEAD14961E49CFDE000962D3 /* Model */,
				FEAD14971E49CFDE000962D3 /* View */,
				FE76AA2E1E56B84C00100A9F /* Request */,
			);
			path = Base;
			sourceTree = "<group>";
		};
		FEFF69C81E459DFF00639DBE /* Controller */ = {
			isa = PBXGroup;
			children = (
				FEFF69CA1E459E5C00639DBE /* XFViewController.h */,
				FEFF69CB1E459E5C00639DBE /* XFViewController.m */,
			);
			path = Controller;
			sourceTree = "<group>";
		};
		FEFF69C91E459E0B00639DBE /* Controller */ = {
			isa = PBXGroup;
			children = (
				FEFF69D01E459EB200639DBE /* XFOrderListViewController.h */,
				FEFF69D11E459EB200639DBE /* XFOrderListViewController.m */,
			);
			path = Controller;
			sourceTree = "<group>";
		};
		FEFF69D51E45B87D00639DBE /* ExpressDetails */ = {
			isa = PBXGroup;
			children = (
				FEFF69D61E45B87D00639DBE /* Controller */,
				FEAD147F1E49B3FC000962D3 /* View */,
				FEAD14AE1E4AFD24000962D3 /* Model */,
			);
			path = ExpressDetails;
			sourceTree = "<group>";
		};
		FEFF69D61E45B87D00639DBE /* Controller */ = {
			isa = PBXGroup;
			children = (
				FEFF69DF1E45BB4D00639DBE /* XFExpressDetailsViewController.h */,
				FEFF69E01E45BB4D00639DBE /* XFExpressDetailsViewController.m */,
				FEFF69E11E45BB4D00639DBE /* XFExpressDetailsViewController.xib */,
			);
			path = Controller;
			sourceTree = "<group>";
		};
		FEFF69D71E45B87D00639DBE /* OrderDetails */ = {
			isa = PBXGroup;
			children = (
				FEFF69D81E45B87D00639DBE /* Controller */,
				FEAD14B31E4B0EDB000962D3 /* View */,
				FEAD14B21E4B0EDB000962D3 /* Model */,
				FEAD14BC1E4BFC9C000962D3 /* Other */,
			);
			path = OrderDetails;
			sourceTree = "<group>";
		};
		FEFF69D81E45B87D00639DBE /* Controller */ = {
			isa = PBXGroup;
			children = (
				FEFF69E41E45BB5F00639DBE /* XFOrderDetailsViewController.h */,
				FEFF69E51E45BB5F00639DBE /* XFOrderDetailsViewController.m */,
				FEFF69E61E45BB5F00639DBE /* XFOrderDetailsViewController.xib */,
			);
			path = Controller;
			sourceTree = "<group>";
		};
		FEFF69E91E45C03500639DBE /* View */ = {
			isa = PBXGroup;
			children = (
				FEFF69EF1E45C29400639DBE /* XFOrderListSectionHeaderView.h */,
				FEFF69F01E45C29400639DBE /* XFOrderListSectionHeaderView.m */,
				FEFF69EA1E45C05500639DBE /* XFOrderListTVCell.h */,
				FEFF69EB1E45C05500639DBE /* XFOrderListTVCell.m */,
				FEFF69EC1E45C05500639DBE /* XFOrderListTVCell.xib */,
				FEFF69F21E45C2E600639DBE /* XFOrderListSectionFooterView.h */,
				FEFF69F31E45C2E600639DBE /* XFOrderListSectionFooterView.m */,
				FE8CEFA41E55476400779B5F /* XFNoDataView.h */,
				FE8CEFA51E55476400779B5F /* XFNoDataView.m */,
				FE8CEFA21E5546B000779B5F /* XFNoDataView.xib */,
			);
			path = View;
			sourceTree = "<group>";
		};
		FEFF69F51E48683C00639DBE /* XFNetworking */ = {
			isa = PBXGroup;
			children = (
				FEFF69F61E48683C00639DBE /* XFNetworking.h */,
				FEFF69F71E48683C00639DBE /* XFNetworking.m */,
			);
			path = XFNetworking;
			sourceTree = "<group>";
		};
		FEFF69F91E486DF600639DBE /* URL */ = {
			isa = PBXGroup;
			children = (
				FEFF69FA1E48908100639DBE /* URLBase.h */,
				FEFF69FB1E48908100639DBE /* URLBase.m */,
				FE76AA251E56B74100100A9F /* Login */,
				FEFF69FD1E4890A400639DBE /* OrderCenter */,
			);
			path = URL;
			sourceTree = "<group>";
		};
		FEFF69FD1E4890A400639DBE /* OrderCenter */ = {
			isa = PBXGroup;
			children = (
				FEFF69FE1E4890D100639DBE /* URLOrderCenter.h */,
				FEFF69FF1E4890D100639DBE /* URLOrderCenter.m */,
			);
			path = OrderCenter;
			sourceTree = "<group>";
		};
/* End PBXGroup section */

/* Begin PBXNativeTarget section */
		FE474DF01E2DEADC0005CD98 /* InnerForCourier */ = {
			isa = PBXNativeTarget;
			buildConfigurationList = FE474E1E1E2DEADD0005CD98 /* Build configuration list for PBXNativeTarget "InnerForCourier" */;
			buildPhases = (
				AA1A48C5217A921664AAD6DD /* [CP] Check Pods Manifest.lock */,
				FE474DED1E2DEADC0005CD98 /* Sources */,
				FE474DEE1E2DEADC0005CD98 /* Frameworks */,
				FE474DEF1E2DEADC0005CD98 /* Resources */,
				CEF00C83243EC9C70D033DC5 /* [CP] Embed Pods Frameworks */,
				8D72C9C8C0A362AE2AEE7D6A /* [CP] Copy Pods Resources */,
			);
			buildRules = (
			);
			dependencies = (
			);
			name = InnerForCourier;
			productName = InnerForCourier;
			productReference = FE474DF11E2DEADC0005CD98 /* InnerForCourier.app */;
			productType = "com.apple.product-type.application";
		};
		FE474E091E2DEADD0005CD98 /* InnerForCourierTests */ = {
			isa = PBXNativeTarget;
			buildConfigurationList = FE474E211E2DEADD0005CD98 /* Build configuration list for PBXNativeTarget "InnerForCourierTests" */;
			buildPhases = (
				FE474E061E2DEADD0005CD98 /* Sources */,
				FE474E071E2DEADD0005CD98 /* Frameworks */,
				FE474E081E2DEADD0005CD98 /* Resources */,
			);
			buildRules = (
			);
			dependencies = (
				FE474E0C1E2DEADD0005CD98 /* PBXTargetDependency */,
			);
			name = InnerForCourierTests;
			productName = InnerForCourierTests;
			productReference = FE474E0A1E2DEADD0005CD98 /* InnerForCourierTests.xctest */;
			productType = "com.apple.product-type.bundle.unit-test";
		};
		FE474E141E2DEADD0005CD98 /* InnerForCourierUITests */ = {
			isa = PBXNativeTarget;
			buildConfigurationList = FE474E241E2DEADD0005CD98 /* Build configuration list for PBXNativeTarget "InnerForCourierUITests" */;
			buildPhases = (
				FE474E111E2DEADD0005CD98 /* Sources */,
				FE474E121E2DEADD0005CD98 /* Frameworks */,
				FE474E131E2DEADD0005CD98 /* Resources */,
			);
			buildRules = (
			);
			dependencies = (
				FE474E171E2DEADD0005CD98 /* PBXTargetDependency */,
			);
			name = InnerForCourierUITests;
			productName = InnerForCourierUITests;
			productReference = FE474E151E2DEADD0005CD98 /* InnerForCourierUITests.xctest */;
			productType = "com.apple.product-type.bundle.ui-testing";
		};
/* End PBXNativeTarget section */

/* Begin PBXProject section */
		FE474DE91E2DEADC0005CD98 /* Project object */ = {
			isa = PBXProject;
			attributes = {
				CLASSPREFIX = XF;
				LastUpgradeCheck = 0820;
				ORGANIZATIONNAME = DamonLiao;
				TargetAttributes = {
					FE474DF01E2DEADC0005CD98 = {
						CreatedOnToolsVersion = 8.2.1;
						DevelopmentTeam = QUP3N2G398;
						ProvisioningStyle = Automatic;
					};
					FE474E091E2DEADD0005CD98 = {
						CreatedOnToolsVersion = 8.2.1;
						DevelopmentTeam = QUP3N2G398;
						ProvisioningStyle = Automatic;
						TestTargetID = FE474DF01E2DEADC0005CD98;
					};
					FE474E141E2DEADD0005CD98 = {
						CreatedOnToolsVersion = 8.2.1;
						DevelopmentTeam = QUP3N2G398;
						ProvisioningStyle = Automatic;
						TestTargetID = FE474DF01E2DEADC0005CD98;
					};
				};
			};
			buildConfigurationList = FE474DEC1E2DEADC0005CD98 /* Build configuration list for PBXProject "InnerForCourier" */;
			compatibilityVersion = "Xcode 3.2";
			developmentRegion = English;
			hasScannedForEncodings = 0;
			knownRegions = (
				en,
				Base,
			);
			mainGroup = FE474DE81E2DEADC0005CD98;
			productRefGroup = FE474DF21E2DEADC0005CD98 /* Products */;
			projectDirPath = "";
			projectRoot = "";
			targets = (
				FE474DF01E2DEADC0005CD98 /* InnerForCourier */,
				FE474E091E2DEADD0005CD98 /* InnerForCourierTests */,
				FE474E141E2DEADD0005CD98 /* InnerForCourierUITests */,
			);
		};
/* End PBXProject section */

/* Begin PBXResourcesBuildPhase section */
		FE474DEF1E2DEADC0005CD98 /* Resources */ = {
			isa = PBXResourcesBuildPhase;
			buildActionMask = 2147483647;
			files = (
				FEFF69E81E45BB5F00639DBE /* XFOrderDetailsViewController.xib in Resources */,
				FE8CEF9E1E514C1800779B5F /* XFExpressNoDataTVCell.xib in Resources */,
				FEFF69E31E45BB4D00639DBE /* XFExpressDetailsViewController.xib in Resources */,
				FEAD14C91E4C1122000962D3 /* XFOrderDetailsNoInvoiceCell.xib in Resources */,
				FE8CEFA31E5546B000779B5F /* XFNoDataView.xib in Resources */,
				FE474E041E2DEADC0005CD98 /* LaunchScreen.storyboard in Resources */,
				FEAD14BB1E4BF808000962D3 /* XFOrderDetailsOrderNumberTVCell.xib in Resources */,
				FEAD148C1E49B4FD000962D3 /* XFExpressDetailsFirstLineTVCell.xib in Resources */,
				FEAD14EB1E4C35D3000962D3 /* XFOrderDetailsDeliverAddressTVCell.xib in Resources */,
				FEAD14D31E4C1503000962D3 /* XFOrderDetailsBasicInfoCell.xib in Resources */,
				FE474E011E2DEADC0005CD98 /* Assets.xcassets in Resources */,
				FEFF69EE1E45C05500639DBE /* XFOrderListTVCell.xib in Resources */,
				FEAD14C41E4C0041000962D3 /* XFOrderDetailsAddressCell.xib in Resources */,
				FEAD14CE1E4C1270000962D3 /* XFOrderDetailsInvoiceCell.xib in Resources */,
				FE474DFF1E2DEADC0005CD98 /* Main.storyboard in Resources */,
			);
			runOnlyForDeploymentPostprocessing = 0;
		};
		FE474E081E2DEADD0005CD98 /* Resources */ = {
			isa = PBXResourcesBuildPhase;
			buildActionMask = 2147483647;
			files = (
			);
			runOnlyForDeploymentPostprocessing = 0;
		};
		FE474E131E2DEADD0005CD98 /* Resources */ = {
			isa = PBXResourcesBuildPhase;
			buildActionMask = 2147483647;
			files = (
			);
			runOnlyForDeploymentPostprocessing = 0;
		};
/* End PBXResourcesBuildPhase section */

/* Begin PBXShellScriptBuildPhase section */
		8D72C9C8C0A362AE2AEE7D6A /* [CP] Copy Pods Resources */ = {
			isa = PBXShellScriptBuildPhase;
			buildActionMask = 2147483647;
			files = (
			);
			inputPaths = (
			);
			name = "[CP] Copy Pods Resources";
			outputPaths = (
			);
			runOnlyForDeploymentPostprocessing = 0;
			shellPath = /bin/sh;
			shellScript = "\"${SRCROOT}/Pods/Target Support Files/Pods-InnerForCourier/Pods-InnerForCourier-resources.sh\"\n";
			showEnvVarsInLog = 0;
		};
		AA1A48C5217A921664AAD6DD /* [CP] Check Pods Manifest.lock */ = {
			isa = PBXShellScriptBuildPhase;
			buildActionMask = 2147483647;
			files = (
			);
			inputPaths = (
			);
			name = "[CP] Check Pods Manifest.lock";
			outputPaths = (
			);
			runOnlyForDeploymentPostprocessing = 0;
			shellPath = /bin/sh;
			shellScript = "diff \"${PODS_ROOT}/../Podfile.lock\" \"${PODS_ROOT}/Manifest.lock\" > /dev/null\nif [ $? != 0 ] ; then\n    # print error to STDERR\n    echo \"error: The sandbox is not in sync with the Podfile.lock. Run 'pod install' or update your CocoaPods installation.\" >&2\n    exit 1\nfi\n";
			showEnvVarsInLog = 0;
		};
		CEF00C83243EC9C70D033DC5 /* [CP] Embed Pods Frameworks */ = {
			isa = PBXShellScriptBuildPhase;
			buildActionMask = 2147483647;
			files = (
			);
			inputPaths = (
			);
			name = "[CP] Embed Pods Frameworks";
			outputPaths = (
			);
			runOnlyForDeploymentPostprocessing = 0;
			shellPath = /bin/sh;
			shellScript = "\"${SRCROOT}/Pods/Target Support Files/Pods-InnerForCourier/Pods-InnerForCourier-frameworks.sh\"\n";
			showEnvVarsInLog = 0;
		};
/* End PBXShellScriptBuildPhase section */

/* Begin PBXSourcesBuildPhase section */
		FE474DED1E2DEADC0005CD98 /* Sources */ = {
			isa = PBXSourcesBuildPhase;
			buildActionMask = 2147483647;
			files = (
				FEAD14BF1E4BFCA6000962D3 /* XFRow.m in Sources */,
				FEAD14A81E4AA3D9000962D3 /* XFMemoryStorage.m in Sources */,
				FEAD14E51E4C339D000962D3 /* NSString+FilePath.m in Sources */,
				FEAD14D61E4C2C7A000962D3 /* XFOrderDetailsGoodsModel.m in Sources */,
				FEAD14BA1E4BF808000962D3 /* XFOrderDetailsOrderNumberTVCell.m in Sources */,
				FEFF6A0B1E495B0600639DBE /* XFProgressHUD.m in Sources */,
				FEFF69B71E45743600639DBE /* UIView+Frame.m in Sources */,
				FE8CEFA61E55476400779B5F /* XFNoDataView.m in Sources */,
				FE72EFAE1E44757200584C1C /* XFLoginViewController.m in Sources */,
				FEFF69FC1E48908100639DBE /* URLBase.m in Sources */,
				FEAD14A41E49E2F8000962D3 /* XFUser.m in Sources */,
				FEAD148F1E49B50D000962D3 /* XFExpressDetailsTimeLineTVCell.m in Sources */,
				FEFF69991E456A9200639DBE /* XFNavigationController.m in Sources */,
				FEFF69B61E45743600639DBE /* UIImage+Create.m in Sources */,
				FEAD14E61E4C339D000962D3 /* NSString+Hash.m in Sources */,
				FEAD149A1E49CFFB000962D3 /* XFModel.m in Sources */,
				FEFF69C51E457A9300639DBE /* XFKVCPersistence.m in Sources */,
				FEFF69E21E45BB4D00639DBE /* XFExpressDetailsViewController.m in Sources */,
				FEAD14A01E49D69B000962D3 /* XFView.m in Sources */,
				FEFF69ED1E45C05500639DBE /* XFOrderListTVCell.m in Sources */,
				FEA20E941E4D6FF200FAD315 /* XFTableViewCell.m in Sources */,
				FEFF6A0F1E49680300639DBE /* NSObject+Ext.m in Sources */,
				FEFF69B41E45743600639DBE /* UIColor+Extension.m in Sources */,
				FEAD14B11E4AFD41000962D3 /* XFExpress.m in Sources */,
				FEFF69B51E45743600639DBE /* UIColor+Project.m in Sources */,
				FEAD14D21E4C1503000962D3 /* XFOrderDetailsBasicInfoCell.m in Sources */,
				FEAD14C81E4C1122000962D3 /* XFOrderDetailsNoInvoiceCell.m in Sources */,
				FE76AA231E56B2FB00100A9F /* XFRequestLogin.m in Sources */,
				FEFF69F81E48683C00639DBE /* XFNetworking.m in Sources */,
				FE474DF61E2DEADC0005CD98 /* main.m in Sources */,
				FEAD148B1E49B4FD000962D3 /* XFExpressDetailsFirstLineTVCell.m in Sources */,
				FE76AA321E56B85D00100A9F /* XFBaseRequest.m in Sources */,
				FEAD14B61E4B1D60000962D3 /* XFOrderDetailsModel.m in Sources */,
				FEAD14CD1E4C1270000962D3 /* XFOrderDetailsInvoiceCell.m in Sources */,
				FEAD14E41E4C339D000962D3 /* NSString+Extension.m in Sources */,
				FEFF69F11E45C29400639DBE /* XFOrderListSectionHeaderView.m in Sources */,
				FEAD14EA1E4C35D3000962D3 /* XFOrderDetailsDeliverAddressTVCell.m in Sources */,
				FEFF69CC1E459E5C00639DBE /* XFViewController.m in Sources */,
				FEFF69D31E459EB200639DBE /* XFOrderListViewController.m in Sources */,
				FEFF699D1E456F5900639DBE /* AppDelegate.m in Sources */,
				FEFF69F41E45C2E600639DBE /* XFOrderListSectionFooterView.m in Sources */,
				FEFF6A001E4890D100639DBE /* URLOrderCenter.m in Sources */,
				FEFF69E71E45BB5F00639DBE /* XFOrderDetailsViewController.m in Sources */,
				FEAD14DD1E4C338B000962D3 /* NSString+Conversion.m in Sources */,
				FEAD149D1E49D01A000962D3 /* XFOrder.m in Sources */,
				FE8CEF9D1E514C1800779B5F /* XFExpressNoDataTVCell.m in Sources */,
				FEAD14AD1E4ABE76000962D3 /* XFGoods.m in Sources */,
				FEAD14C31E4C0041000962D3 /* XFOrderDetailsAddressCell.m in Sources */,
				FE76AA2D1E56B82D00100A9F /* XFRequestOrderCenter.m in Sources */,
				FE76AA281E56B75E00100A9F /* URLLogin.m in Sources */,
				FEA20EC61E4EEC3000FAD315 /* XFExpressList.m in Sources */,
				FEAD14941E49B5C5000962D3 /* TTTAttributedLabel.m in Sources */,
			);
			runOnlyForDeploymentPostprocessing = 0;
		};
		FE474E061E2DEADD0005CD98 /* Sources */ = {
			isa = PBXSourcesBuildPhase;
			buildActionMask = 2147483647;
			files = (
				FE474E0F1E2DEADD0005CD98 /* InnerForCourierTests.m in Sources */,
			);
			runOnlyForDeploymentPostprocessing = 0;
		};
		FE474E111E2DEADD0005CD98 /* Sources */ = {
			isa = PBXSourcesBuildPhase;
			buildActionMask = 2147483647;
			files = (
				FE474E1A1E2DEADD0005CD98 /* InnerForCourierUITests.m in Sources */,
			);
			runOnlyForDeploymentPostprocessing = 0;
		};
/* End PBXSourcesBuildPhase section */

/* Begin PBXTargetDependency section */
		FE474E0C1E2DEADD0005CD98 /* PBXTargetDependency */ = {
			isa = PBXTargetDependency;
			target = FE474DF01E2DEADC0005CD98 /* InnerForCourier */;
			targetProxy = FE474E0B1E2DEADD0005CD98 /* PBXContainerItemProxy */;
		};
		FE474E171E2DEADD0005CD98 /* PBXTargetDependency */ = {
			isa = PBXTargetDependency;
			target = FE474DF01E2DEADC0005CD98 /* InnerForCourier */;
			targetProxy = FE474E161E2DEADD0005CD98 /* PBXContainerItemProxy */;
		};
/* End PBXTargetDependency section */

/* Begin PBXVariantGroup section */
		FE474DFD1E2DEADC0005CD98 /* Main.storyboard */ = {
			isa = PBXVariantGroup;
			children = (
				FE474DFE1E2DEADC0005CD98 /* Base */,
			);
			name = Main.storyboard;
			sourceTree = "<group>";
		};
		FE474E021E2DEADC0005CD98 /* LaunchScreen.storyboard */ = {
			isa = PBXVariantGroup;
			children = (
				FE474E031E2DEADC0005CD98 /* Base */,
			);
			name = LaunchScreen.storyboard;
			sourceTree = "<group>";
		};
/* End PBXVariantGroup section */

/* Begin XCBuildConfiguration section */
		FE474E1C1E2DEADD0005CD98 /* Debug */ = {
			isa = XCBuildConfiguration;
			buildSettings = {
				ALWAYS_SEARCH_USER_PATHS = NO;
				CLANG_ANALYZER_NONNULL = YES;
				CLANG_CXX_LANGUAGE_STANDARD = "gnu++0x";
				CLANG_CXX_LIBRARY = "libc++";
				CLANG_ENABLE_MODULES = YES;
				CLANG_ENABLE_OBJC_ARC = YES;
				CLANG_WARN_BOOL_CONVERSION = YES;
				CLANG_WARN_CONSTANT_CONVERSION = YES;
				CLANG_WARN_DIRECT_OBJC_ISA_USAGE = YES_ERROR;
				CLANG_WARN_DOCUMENTATION_COMMENTS = YES;
				CLANG_WARN_EMPTY_BODY = YES;
				CLANG_WARN_ENUM_CONVERSION = YES;
				CLANG_WARN_INFINITE_RECURSION = YES;
				CLANG_WARN_INT_CONVERSION = YES;
				CLANG_WARN_OBJC_ROOT_CLASS = YES_ERROR;
				CLANG_WARN_SUSPICIOUS_MOVE = YES;
				CLANG_WARN_UNREACHABLE_CODE = YES;
				CLANG_WARN__DUPLICATE_METHOD_MATCH = YES;
				"CODE_SIGN_IDENTITY[sdk=iphoneos*]" = "iPhone Developer";
				COPY_PHASE_STRIP = NO;
				DEBUG_INFORMATION_FORMAT = dwarf;
				ENABLE_STRICT_OBJC_MSGSEND = YES;
				ENABLE_TESTABILITY = YES;
				GCC_C_LANGUAGE_STANDARD = gnu99;
				GCC_DYNAMIC_NO_PIC = NO;
				GCC_NO_COMMON_BLOCKS = YES;
				GCC_OPTIMIZATION_LEVEL = 0;
				GCC_PREPROCESSOR_DEFINITIONS = (
					"DEBUG=1",
					"$(inherited)",
				);
				GCC_WARN_64_TO_32_BIT_CONVERSION = YES;
				GCC_WARN_ABOUT_RETURN_TYPE = YES_ERROR;
				GCC_WARN_UNDECLARED_SELECTOR = YES;
				GCC_WARN_UNINITIALIZED_AUTOS = YES_AGGRESSIVE;
				GCC_WARN_UNUSED_FUNCTION = YES;
				GCC_WARN_UNUSED_VARIABLE = YES;
				IPHONEOS_DEPLOYMENT_TARGET = 10.2;
				MTL_ENABLE_DEBUG_INFO = YES;
				ONLY_ACTIVE_ARCH = YES;
				SDKROOT = iphoneos;
			};
			name = Debug;
		};
		FE474E1D1E2DEADD0005CD98 /* Release */ = {
			isa = XCBuildConfiguration;
			buildSettings = {
				ALWAYS_SEARCH_USER_PATHS = NO;
				CLANG_ANALYZER_NONNULL = YES;
				CLANG_CXX_LANGUAGE_STANDARD = "gnu++0x";
				CLANG_CXX_LIBRARY = "libc++";
				CLANG_ENABLE_MODULES = YES;
				CLANG_ENABLE_OBJC_ARC = YES;
				CLANG_WARN_BOOL_CONVERSION = YES;
				CLANG_WARN_CONSTANT_CONVERSION = YES;
				CLANG_WARN_DIRECT_OBJC_ISA_USAGE = YES_ERROR;
				CLANG_WARN_DOCUMENTATION_COMMENTS = YES;
				CLANG_WARN_EMPTY_BODY = YES;
				CLANG_WARN_ENUM_CONVERSION = YES;
				CLANG_WARN_INFINITE_RECURSION = YES;
				CLANG_WARN_INT_CONVERSION = YES;
				CLANG_WARN_OBJC_ROOT_CLASS = YES_ERROR;
				CLANG_WARN_SUSPICIOUS_MOVE = YES;
				CLANG_WARN_UNREACHABLE_CODE = YES;
				CLANG_WARN__DUPLICATE_METHOD_MATCH = YES;
				"CODE_SIGN_IDENTITY[sdk=iphoneos*]" = "iPhone Developer";
				COPY_PHASE_STRIP = NO;
				DEBUG_INFORMATION_FORMAT = "dwarf-with-dsym";
				ENABLE_NS_ASSERTIONS = NO;
				ENABLE_STRICT_OBJC_MSGSEND = YES;
				GCC_C_LANGUAGE_STANDARD = gnu99;
				GCC_NO_COMMON_BLOCKS = YES;
				GCC_WARN_64_TO_32_BIT_CONVERSION = YES;
				GCC_WARN_ABOUT_RETURN_TYPE = YES_ERROR;
				GCC_WARN_UNDECLARED_SELECTOR = YES;
				GCC_WARN_UNINITIALIZED_AUTOS = YES_AGGRESSIVE;
				GCC_WARN_UNUSED_FUNCTION = YES;
				GCC_WARN_UNUSED_VARIABLE = YES;
				IPHONEOS_DEPLOYMENT_TARGET = 10.2;
				MTL_ENABLE_DEBUG_INFO = NO;
				SDKROOT = iphoneos;
				VALIDATE_PRODUCT = YES;
			};
			name = Release;
		};
		FE474E1F1E2DEADD0005CD98 /* Debug */ = {
			isa = XCBuildConfiguration;
			baseConfigurationReference = 58A1470433D789D19A84AE49 /* Pods-InnerForCourier.debug.xcconfig */;
			buildSettings = {
				ASSETCATALOG_COMPILER_APPICON_NAME = AppIcon;
				DEVELOPMENT_TEAM = QUP3N2G398;
				GCC_PRECOMPILE_PREFIX_HEADER = YES;
				GCC_PREFIX_HEADER = "$(SRCROOT)/InnerForCourier/PrefixHeader.pch";
				INFOPLIST_FILE = InnerForCourier/Info.plist;
				LD_RUNPATH_SEARCH_PATHS = "$(inherited) @executable_path/Frameworks";
				PRODUCT_BUNDLE_IDENTIFIER = com.xianyaopai.forcourier;
				PRODUCT_NAME = "$(TARGET_NAME)";
			};
			name = Debug;
		};
		FE474E201E2DEADD0005CD98 /* Release */ = {
			isa = XCBuildConfiguration;
			baseConfigurationReference = 86570D64667164E1B34F5F57 /* Pods-InnerForCourier.release.xcconfig */;
			buildSettings = {
				ASSETCATALOG_COMPILER_APPICON_NAME = AppIcon;
				DEVELOPMENT_TEAM = QUP3N2G398;
				GCC_PRECOMPILE_PREFIX_HEADER = YES;
				GCC_PREFIX_HEADER = "$(SRCROOT)/InnerForCourier/PrefixHeader.pch";
				INFOPLIST_FILE = InnerForCourier/Info.plist;
				LD_RUNPATH_SEARCH_PATHS = "$(inherited) @executable_path/Frameworks";
				PRODUCT_BUNDLE_IDENTIFIER = com.xianyaopai.forcourier;
				PRODUCT_NAME = "$(TARGET_NAME)";
			};
			name = Release;
		};
		FE474E221E2DEADD0005CD98 /* Debug */ = {
			isa = XCBuildConfiguration;
			buildSettings = {
				BUNDLE_LOADER = "$(TEST_HOST)";
				DEVELOPMENT_TEAM = QUP3N2G398;
				INFOPLIST_FILE = InnerForCourierTests/Info.plist;
				LD_RUNPATH_SEARCH_PATHS = "$(inherited) @executable_path/Frameworks @loader_path/Frameworks";
				PRODUCT_BUNDLE_IDENTIFIER = com.xianyaopai.InnerForCourierTests;
				PRODUCT_NAME = "$(TARGET_NAME)";
				TEST_HOST = "$(BUILT_PRODUCTS_DIR)/InnerForCourier.app/InnerForCourier";
			};
			name = Debug;
		};
		FE474E231E2DEADD0005CD98 /* Release */ = {
			isa = XCBuildConfiguration;
			buildSettings = {
				BUNDLE_LOADER = "$(TEST_HOST)";
				DEVELOPMENT_TEAM = QUP3N2G398;
				INFOPLIST_FILE = InnerForCourierTests/Info.plist;
				LD_RUNPATH_SEARCH_PATHS = "$(inherited) @executable_path/Frameworks @loader_path/Frameworks";
				PRODUCT_BUNDLE_IDENTIFIER = com.xianyaopai.InnerForCourierTests;
				PRODUCT_NAME = "$(TARGET_NAME)";
				TEST_HOST = "$(BUILT_PRODUCTS_DIR)/InnerForCourier.app/InnerForCourier";
			};
			name = Release;
		};
		FE474E251E2DEADD0005CD98 /* Debug */ = {
			isa = XCBuildConfiguration;
			buildSettings = {
				DEVELOPMENT_TEAM = QUP3N2G398;
				INFOPLIST_FILE = InnerForCourierUITests/Info.plist;
				LD_RUNPATH_SEARCH_PATHS = "$(inherited) @executable_path/Frameworks @loader_path/Frameworks";
				PRODUCT_BUNDLE_IDENTIFIER = com.xianyaopai.InnerForCourierUITests;
				PRODUCT_NAME = "$(TARGET_NAME)";
				TEST_TARGET_NAME = InnerForCourier;
			};
			name = Debug;
		};
		FE474E261E2DEADD0005CD98 /* Release */ = {
			isa = XCBuildConfiguration;
			buildSettings = {
				DEVELOPMENT_TEAM = QUP3N2G398;
				INFOPLIST_FILE = InnerForCourierUITests/Info.plist;
				LD_RUNPATH_SEARCH_PATHS = "$(inherited) @executable_path/Frameworks @loader_path/Frameworks";
				PRODUCT_BUNDLE_IDENTIFIER = com.xianyaopai.InnerForCourierUITests;
				PRODUCT_NAME = "$(TARGET_NAME)";
				TEST_TARGET_NAME = InnerForCourier;
			};
			name = Release;
		};
		FE8CEFA71E55733900779B5F /* ad hoc distribution */ = {
			isa = XCBuildConfiguration;
			buildSettings = {
				ALWAYS_SEARCH_USER_PATHS = NO;
				CLANG_ANALYZER_NONNULL = YES;
				CLANG_CXX_LANGUAGE_STANDARD = "gnu++0x";
				CLANG_CXX_LIBRARY = "libc++";
				CLANG_ENABLE_MODULES = YES;
				CLANG_ENABLE_OBJC_ARC = YES;
				CLANG_WARN_BOOL_CONVERSION = YES;
				CLANG_WARN_CONSTANT_CONVERSION = YES;
				CLANG_WARN_DIRECT_OBJC_ISA_USAGE = YES_ERROR;
				CLANG_WARN_DOCUMENTATION_COMMENTS = YES;
				CLANG_WARN_EMPTY_BODY = YES;
				CLANG_WARN_ENUM_CONVERSION = YES;
				CLANG_WARN_INFINITE_RECURSION = YES;
				CLANG_WARN_INT_CONVERSION = YES;
				CLANG_WARN_OBJC_ROOT_CLASS = YES_ERROR;
				CLANG_WARN_SUSPICIOUS_MOVE = YES;
				CLANG_WARN_UNREACHABLE_CODE = YES;
				CLANG_WARN__DUPLICATE_METHOD_MATCH = YES;
				"CODE_SIGN_IDENTITY[sdk=iphoneos*]" = "iPhone Developer";
				COPY_PHASE_STRIP = NO;
				DEBUG_INFORMATION_FORMAT = "dwarf-with-dsym";
				ENABLE_NS_ASSERTIONS = NO;
				ENABLE_STRICT_OBJC_MSGSEND = YES;
				GCC_C_LANGUAGE_STANDARD = gnu99;
				GCC_NO_COMMON_BLOCKS = YES;
				GCC_WARN_64_TO_32_BIT_CONVERSION = YES;
				GCC_WARN_ABOUT_RETURN_TYPE = YES_ERROR;
				GCC_WARN_UNDECLARED_SELECTOR = YES;
				GCC_WARN_UNINITIALIZED_AUTOS = YES_AGGRESSIVE;
				GCC_WARN_UNUSED_FUNCTION = YES;
				GCC_WARN_UNUSED_VARIABLE = YES;
				IPHONEOS_DEPLOYMENT_TARGET = 10.2;
				MTL_ENABLE_DEBUG_INFO = NO;
				SDKROOT = iphoneos;
				VALIDATE_PRODUCT = YES;
			};
			name = "ad hoc distribution";
		};
		FE8CEFA81E55733900779B5F /* ad hoc distribution */ = {
			isa = XCBuildConfiguration;
			baseConfigurationReference = 86570D64667164E1B34F5F57 /* Pods-InnerForCourier.release.xcconfig */;
			buildSettings = {
				ASSETCATALOG_COMPILER_APPICON_NAME = AppIcon;
				DEVELOPMENT_TEAM = QUP3N2G398;
				GCC_PRECOMPILE_PREFIX_HEADER = YES;
				GCC_PREFIX_HEADER = "$(SRCROOT)/InnerForCourier/PrefixHeader.pch";
				INFOPLIST_FILE = InnerForCourier/Info.plist;
				LD_RUNPATH_SEARCH_PATHS = "$(inherited) @executable_path/Frameworks";
				PRODUCT_BUNDLE_IDENTIFIER = com.xianyaopai.forcourier;
				PRODUCT_NAME = "$(TARGET_NAME)";
			};
			name = "ad hoc distribution";
		};
		FE8CEFA91E55733900779B5F /* ad hoc distribution */ = {
			isa = XCBuildConfiguration;
			buildSettings = {
				BUNDLE_LOADER = "$(TEST_HOST)";
				DEVELOPMENT_TEAM = QUP3N2G398;
				INFOPLIST_FILE = InnerForCourierTests/Info.plist;
				LD_RUNPATH_SEARCH_PATHS = "$(inherited) @executable_path/Frameworks @loader_path/Frameworks";
				PRODUCT_BUNDLE_IDENTIFIER = com.xianyaopai.InnerForCourierTests;
				PRODUCT_NAME = "$(TARGET_NAME)";
				TEST_HOST = "$(BUILT_PRODUCTS_DIR)/InnerForCourier.app/InnerForCourier";
			};
			name = "ad hoc distribution";
		};
		FE8CEFAA1E55733900779B5F /* ad hoc distribution */ = {
			isa = XCBuildConfiguration;
			buildSettings = {
				DEVELOPMENT_TEAM = QUP3N2G398;
				INFOPLIST_FILE = InnerForCourierUITests/Info.plist;
				LD_RUNPATH_SEARCH_PATHS = "$(inherited) @executable_path/Frameworks @loader_path/Frameworks";
				PRODUCT_BUNDLE_IDENTIFIER = com.xianyaopai.InnerForCourierUITests;
				PRODUCT_NAME = "$(TARGET_NAME)";
				TEST_TARGET_NAME = InnerForCourier;
			};
			name = "ad hoc distribution";
		};
/* End XCBuildConfiguration section */

/* Begin XCConfigurationList section */
		FE474DEC1E2DEADC0005CD98 /* Build configuration list for PBXProject "InnerForCourier" */ = {
			isa = XCConfigurationList;
			buildConfigurations = (
				FE474E1C1E2DEADD0005CD98 /* Debug */,
				FE474E1D1E2DEADD0005CD98 /* Release */,
				FE8CEFA71E55733900779B5F /* ad hoc distribution */,
			);
			defaultConfigurationIsVisible = 0;
			defaultConfigurationName = Release;
		};
		FE474E1E1E2DEADD0005CD98 /* Build configuration list for PBXNativeTarget "InnerForCourier" */ = {
			isa = XCConfigurationList;
			buildConfigurations = (
				FE474E1F1E2DEADD0005CD98 /* Debug */,
				FE474E201E2DEADD0005CD98 /* Release */,
				FE8CEFA81E55733900779B5F /* ad hoc distribution */,
			);
			defaultConfigurationIsVisible = 0;
			defaultConfigurationName = Release;
		};
		FE474E211E2DEADD0005CD98 /* Build configuration list for PBXNativeTarget "InnerForCourierTests" */ = {
			isa = XCConfigurationList;
			buildConfigurations = (
				FE474E221E2DEADD0005CD98 /* Debug */,
				FE474E231E2DEADD0005CD98 /* Release */,
				FE8CEFA91E55733900779B5F /* ad hoc distribution */,
			);
			defaultConfigurationIsVisible = 0;
			defaultConfigurationName = Release;
		};
		FE474E241E2DEADD0005CD98 /* Build configuration list for PBXNativeTarget "InnerForCourierUITests" */ = {
			isa = XCConfigurationList;
			buildConfigurations = (
				FE474E251E2DEADD0005CD98 /* Debug */,
				FE474E261E2DEADD0005CD98 /* Release */,
				FE8CEFAA1E55733900779B5F /* ad hoc distribution */,
			);
			defaultConfigurationIsVisible = 0;
			defaultConfigurationName = Release;
		};
/* End XCConfigurationList section */
	};
	rootObject = FE474DE91E2DEADC0005CD98 /* Project object */;
}
